// !$*UTF8*$!
{
	archiveVersion = 1;
	classes = {
	};
	objectVersion = 56;
	objects = {

/* Begin PBXBuildFile section */
		F11734032B68CB5300821BAF /* AppDelegate.swift in Sources */ = {isa = PBXBuildFile; fileRef = F11734022B68CB5300821BAF /* AppDelegate.swift */; };
		F11734052B68CB5300821BAF /* SceneDelegate.swift in Sources */ = {isa = PBXBuildFile; fileRef = F11734042B68CB5300821BAF /* SceneDelegate.swift */; };
		F11734072B68CB5300821BAF /* ViewController.swift in Sources */ = {isa = PBXBuildFile; fileRef = F11734062B68CB5300821BAF /* ViewController.swift */; };
		F117340A2B68CB5300821BAF /* Main.storyboard in Resources */ = {isa = PBXBuildFile; fileRef = F11734082B68CB5300821BAF /* Main.storyboard */; };
		F117340C2B68CB5600821BAF /* Assets.xcassets in Resources */ = {isa = PBXBuildFile; fileRef = F117340B2B68CB5600821BAF /* Assets.xcassets */; };
		F117340F2B68CB5600821BAF /* LaunchScreen.storyboard in Resources */ = {isa = PBXBuildFile; fileRef = F117340D2B68CB5600821BAF /* LaunchScreen.storyboard */; };
		F117342A2B68CE3E00821BAF /* No_SPI_Tests.swift in Sources */ = {isa = PBXBuildFile; fileRef = F11734292B68CE3E00821BAF /* No_SPI_Tests.swift */; };
		F117342C2B68CE4400821BAF /* SPI_Tests.swift in Sources */ = {isa = PBXBuildFile; fileRef = F117342B2B68CE4400821BAF /* SPI_Tests.swift */; };
		F117342F2B68CFA400821BAF /* LibraryA in Frameworks */ = {isa = PBXBuildFile; productRef = F117342E2B68CFA400821BAF /* LibraryA */; };
/* End PBXBuildFile section */

/* Begin PBXContainerItemProxy section */
		F117341F2B68CC3700821BAF /* PBXContainerItemProxy */ = {
			isa = PBXContainerItemProxy;
			containerPortal = F11733F72B68CB5300821BAF /* Project object */;
			proxyType = 1;
			remoteGlobalIDString = F11733FE2B68CB5300821BAF;
			remoteInfo = spiSampleApp;
		};
/* End PBXContainerItemProxy section */

/* Begin PBXFileReference section */
		F11733FF2B68CB5300821BAF /* spiSampleApp.app */ = {isa = PBXFileReference; explicitFileType = wrapper.application; includeInIndex = 0; path = spiSampleApp.app; sourceTree = BUILT_PRODUCTS_DIR; };
		F11734022B68CB5300821BAF /* AppDelegate.swift */ = {isa = PBXFileReference; lastKnownFileType = sourcecode.swift; path = AppDelegate.swift; sourceTree = "<group>"; };
		F11734042B68CB5300821BAF /* SceneDelegate.swift */ = {isa = PBXFileReference; lastKnownFileType = sourcecode.swift; path = SceneDelegate.swift; sourceTree = "<group>"; };
		F11734062B68CB5300821BAF /* ViewController.swift */ = {isa = PBXFileReference; lastKnownFileType = sourcecode.swift; path = ViewController.swift; sourceTree = "<group>"; };
		F11734092B68CB5300821BAF /* Base */ = {isa = PBXFileReference; lastKnownFileType = file.storyboard; name = Base; path = Base.lproj/Main.storyboard; sourceTree = "<group>"; };
		F117340B2B68CB5600821BAF /* Assets.xcassets */ = {isa = PBXFileReference; lastKnownFileType = folder.assetcatalog; path = Assets.xcassets; sourceTree = "<group>"; };
		F117340E2B68CB5600821BAF /* Base */ = {isa = PBXFileReference; lastKnownFileType = file.storyboard; name = Base; path = Base.lproj/LaunchScreen.storyboard; sourceTree = "<group>"; };
		F11734102B68CB5600821BAF /* Info.plist */ = {isa = PBXFileReference; lastKnownFileType = text.plist.xml; path = Info.plist; sourceTree = "<group>"; };
		F117341B2B68CC3700821BAF /* spiSampleAppTests.xctest */ = {isa = PBXFileReference; explicitFileType = wrapper.cfbundle; includeInIndex = 0; path = spiSampleAppTests.xctest; sourceTree = BUILT_PRODUCTS_DIR; };
		F11734292B68CE3E00821BAF /* No_SPI_Tests.swift */ = {isa = PBXFileReference; lastKnownFileType = sourcecode.swift; path = No_SPI_Tests.swift; sourceTree = "<group>"; };
		F117342B2B68CE4400821BAF /* SPI_Tests.swift */ = {isa = PBXFileReference; lastKnownFileType = sourcecode.swift; path = SPI_Tests.swift; sourceTree = "<group>"; };
		F117342D2B68CF8900821BAF /* LibraryA */ = {isa = PBXFileReference; lastKnownFileType = text; path = LibraryA; sourceTree = SOURCE_ROOT; };
/* End PBXFileReference section */

/* Begin PBXFrameworksBuildPhase section */
		F11733FC2B68CB5300821BAF /* Frameworks */ = {
			isa = PBXFrameworksBuildPhase;
			buildActionMask = 2147483647;
			files = (
			);
			runOnlyForDeploymentPostprocessing = 0;
		};
		F11734182B68CC3700821BAF /* Frameworks */ = {
			isa = PBXFrameworksBuildPhase;
			buildActionMask = 2147483647;
			files = (
				F117342F2B68CFA400821BAF /* LibraryA in Frameworks */,
			);
			runOnlyForDeploymentPostprocessing = 0;
		};
/* End PBXFrameworksBuildPhase section */

/* Begin PBXGroup section */
		F11733F62B68CB5300821BAF = {
			isa = PBXGroup;
			children = (
				F11734012B68CB5300821BAF /* spiSampleApp */,
				F117341C2B68CC3700821BAF /* spiSampleAppTests */,
				F11734002B68CB5300821BAF /* Products */,
				F11734242B68CC9500821BAF /* Frameworks */,
			);
			sourceTree = "<group>";
		};
		F11734002B68CB5300821BAF /* Products */ = {
			isa = PBXGroup;
			children = (
				F11733FF2B68CB5300821BAF /* spiSampleApp.app */,
				F117341B2B68CC3700821BAF /* spiSampleAppTests.xctest */,
			);
			name = Products;
			sourceTree = "<group>";
		};
		F11734012B68CB5300821BAF /* spiSampleApp */ = {
			isa = PBXGroup;
			children = (
				F117342D2B68CF8900821BAF /* LibraryA */,
				F11734022B68CB5300821BAF /* AppDelegate.swift */,
				F11734042B68CB5300821BAF /* SceneDelegate.swift */,
				F11734062B68CB5300821BAF /* ViewController.swift */,
				F11734082B68CB5300821BAF /* Main.storyboard */,
				F117340B2B68CB5600821BAF /* Assets.xcassets */,
				F117340D2B68CB5600821BAF /* LaunchScreen.storyboard */,
				F11734102B68CB5600821BAF /* Info.plist */,
			);
			path = spiSampleApp;
			sourceTree = "<group>";
		};
		F117341C2B68CC3700821BAF /* spiSampleAppTests */ = {
			isa = PBXGroup;
			children = (
				F11734292B68CE3E00821BAF /* No_SPI_Tests.swift */,
				F117342B2B68CE4400821BAF /* SPI_Tests.swift */,
			);
			path = spiSampleAppTests;
			sourceTree = "<group>";
		};
		F11734242B68CC9500821BAF /* Frameworks */ = {
			isa = PBXGroup;
			children = (
			);
			name = Frameworks;
			sourceTree = "<group>";
		};
/* End PBXGroup section */

/* Begin PBXNativeTarget section */
		F11733FE2B68CB5300821BAF /* spiSampleApp */ = {
			isa = PBXNativeTarget;
			buildConfigurationList = F11734132B68CB5600821BAF /* Build configuration list for PBXNativeTarget "spiSampleApp" */;
			buildPhases = (
				F11733FB2B68CB5300821BAF /* Sources */,
				F11733FC2B68CB5300821BAF /* Frameworks */,
				F11733FD2B68CB5300821BAF /* Resources */,
			);
			buildRules = (
			);
			dependencies = (
			);
			name = spiSampleApp;
			productName = spiSampleApp;
			productReference = F11733FF2B68CB5300821BAF /* spiSampleApp.app */;
			productType = "com.apple.product-type.application";
		};
		F117341A2B68CC3700821BAF /* spiSampleAppTests */ = {
			isa = PBXNativeTarget;
			buildConfigurationList = F11734212B68CC3700821BAF /* Build configuration list for PBXNativeTarget "spiSampleAppTests" */;
			buildPhases = (
				F11734172B68CC3700821BAF /* Sources */,
				F11734182B68CC3700821BAF /* Frameworks */,
				F11734192B68CC3700821BAF /* Resources */,
			);
			buildRules = (
			);
			dependencies = (
				F11734202B68CC3700821BAF /* PBXTargetDependency */,
			);
			name = spiSampleAppTests;
			packageProductDependencies = (
				F117342E2B68CFA400821BAF /* LibraryA */,
			);
			productName = spiSampleAppTests;
			productReference = F117341B2B68CC3700821BAF /* spiSampleAppTests.xctest */;
			productType = "com.apple.product-type.bundle.unit-test";
		};
/* End PBXNativeTarget section */

/* Begin PBXProject section */
		F11733F72B68CB5300821BAF /* Project object */ = {
			isa = PBXProject;
			attributes = {
				BuildIndependentTargetsInParallel = 1;
				LastSwiftUpdateCheck = 1500;
				LastUpgradeCheck = 1500;
				TargetAttributes = {
					F11733FE2B68CB5300821BAF = {
						CreatedOnToolsVersion = 15.0.1;
					};
					F117341A2B68CC3700821BAF = {
						CreatedOnToolsVersion = 15.0.1;
						LastSwiftMigration = 1500;
						TestTargetID = F11733FE2B68CB5300821BAF;
					};
				};
			};
			buildConfigurationList = F11733FA2B68CB5300821BAF /* Build configuration list for PBXProject "spiSampleApp" */;
			compatibilityVersion = "Xcode 14.0";
			developmentRegion = en;
			hasScannedForEncodings = 0;
			knownRegions = (
				en,
				Base,
			);
			mainGroup = F11733F62B68CB5300821BAF;
			productRefGroup = F11734002B68CB5300821BAF /* Products */;
			projectDirPath = "";
			projectRoot = "";
			targets = (
				F11733FE2B68CB5300821BAF /* spiSampleApp */,
				F117341A2B68CC3700821BAF /* spiSampleAppTests */,
			);
		};
/* End PBXProject section */

/* Begin PBXResourcesBuildPhase section */
		F11733FD2B68CB5300821BAF /* Resources */ = {
			isa = PBXResourcesBuildPhase;
			buildActionMask = 2147483647;
			files = (
				F117340F2B68CB5600821BAF /* LaunchScreen.storyboard in Resources */,
				F117340C2B68CB5600821BAF /* Assets.xcassets in Resources */,
				F117340A2B68CB5300821BAF /* Main.storyboard in Resources */,
			);
			runOnlyForDeploymentPostprocessing = 0;
		};
		F11734192B68CC3700821BAF /* Resources */ = {
			isa = PBXResourcesBuildPhase;
			buildActionMask = 2147483647;
			files = (
			);
			runOnlyForDeploymentPostprocessing = 0;
		};
/* End PBXResourcesBuildPhase section */

/* Begin PBXSourcesBuildPhase section */
		F11733FB2B68CB5300821BAF /* Sources */ = {
			isa = PBXSourcesBuildPhase;
			buildActionMask = 2147483647;
			files = (
				F11734072B68CB5300821BAF /* ViewController.swift in Sources */,
				F11734032B68CB5300821BAF /* AppDelegate.swift in Sources */,
				F11734052B68CB5300821BAF /* SceneDelegate.swift in Sources */,
			);
			runOnlyForDeploymentPostprocessing = 0;
		};
		F11734172B68CC3700821BAF /* Sources */ = {
			isa = PBXSourcesBuildPhase;
			buildActionMask = 2147483647;
			files = (
				F117342C2B68CE4400821BAF /* SPI_Tests.swift in Sources */,
				F117342A2B68CE3E00821BAF /* No_SPI_Tests.swift in Sources */,
			);
			runOnlyForDeploymentPostprocessing = 0;
		};
/* End PBXSourcesBuildPhase section */

/* Begin PBXTargetDependency section */
		F11734202B68CC3700821BAF /* PBXTargetDependency */ = {
			isa = PBXTargetDependency;
			target = F11733FE2B68CB5300821BAF /* spiSampleApp */;
			targetProxy = F117341F2B68CC3700821BAF /* PBXContainerItemProxy */;
		};
/* End PBXTargetDependency section */

/* Begin PBXVariantGroup section */
		F11734082B68CB5300821BAF /* Main.storyboard */ = {
			isa = PBXVariantGroup;
			children = (
				F11734092B68CB5300821BAF /* Base */,
			);
			name = Main.storyboard;
			sourceTree = "<group>";
		};
		F117340D2B68CB5600821BAF /* LaunchScreen.storyboard */ = {
			isa = PBXVariantGroup;
			children = (
				F117340E2B68CB5600821BAF /* Base */,
			);
			name = LaunchScreen.storyboard;
			sourceTree = "<group>";
		};
/* End PBXVariantGroup section */

/* Begin XCBuildConfiguration section */
		F11734112B68CB5600821BAF /* Debug */ = {
			isa = XCBuildConfiguration;
			buildSettings = {
				ALWAYS_SEARCH_USER_PATHS = NO;
				ASSETCATALOG_COMPILER_GENERATE_SWIFT_ASSET_SYMBOL_EXTENSIONS = YES;
				CLANG_ANALYZER_NONNULL = YES;
				CLANG_ANALYZER_NUMBER_OBJECT_CONVERSION = YES_AGGRESSIVE;
				CLANG_CXX_LANGUAGE_STANDARD = "gnu++20";
				CLANG_ENABLE_MODULES = YES;
				CLANG_ENABLE_OBJC_ARC = YES;
				CLANG_ENABLE_OBJC_WEAK = YES;
				CLANG_WARN_BLOCK_CAPTURE_AUTORELEASING = YES;
				CLANG_WARN_BOOL_CONVERSION = YES;
				CLANG_WARN_COMMA = YES;
				CLANG_WARN_CONSTANT_CONVERSION = YES;
				CLANG_WARN_DEPRECATED_OBJC_IMPLEMENTATIONS = YES;
				CLANG_WARN_DIRECT_OBJC_ISA_USAGE = YES_ERROR;
				CLANG_WARN_DOCUMENTATION_COMMENTS = YES;
				CLANG_WARN_EMPTY_BODY = YES;
				CLANG_WARN_ENUM_CONVERSION = YES;
				CLANG_WARN_INFINITE_RECURSION = YES;
				CLANG_WARN_INT_CONVERSION = YES;
				CLANG_WARN_NON_LITERAL_NULL_CONVERSION = YES;
				CLANG_WARN_OBJC_IMPLICIT_RETAIN_SELF = YES;
				CLANG_WARN_OBJC_LITERAL_CONVERSION = YES;
				CLANG_WARN_OBJC_ROOT_CLASS = YES_ERROR;
				CLANG_WARN_QUOTED_INCLUDE_IN_FRAMEWORK_HEADER = YES;
				CLANG_WARN_RANGE_LOOP_ANALYSIS = YES;
				CLANG_WARN_STRICT_PROTOTYPES = YES;
				CLANG_WARN_SUSPICIOUS_MOVE = YES;
				CLANG_WARN_UNGUARDED_AVAILABILITY = YES_AGGRESSIVE;
				CLANG_WARN_UNREACHABLE_CODE = YES;
				CLANG_WARN__DUPLICATE_METHOD_MATCH = YES;
				COPY_PHASE_STRIP = NO;
				DEBUG_INFORMATION_FORMAT = dwarf;
				ENABLE_STRICT_OBJC_MSGSEND = YES;
				ENABLE_TESTABILITY = YES;
				ENABLE_USER_SCRIPT_SANDBOXING = YES;
				GCC_C_LANGUAGE_STANDARD = gnu17;
				GCC_DYNAMIC_NO_PIC = NO;
				GCC_NO_COMMON_BLOCKS = YES;
				GCC_OPTIMIZATION_LEVEL = 0;
				GCC_PREPROCESSOR_DEFINITIONS = (
					"DEBUG=1",
					"$(inherited)",
				);
				GCC_WARN_64_TO_32_BIT_CONVERSION = YES;
				GCC_WARN_ABOUT_RETURN_TYPE = YES_ERROR;
				GCC_WARN_UNDECLARED_SELECTOR = YES;
				GCC_WARN_UNINITIALIZED_AUTOS = YES_AGGRESSIVE;
				GCC_WARN_UNUSED_FUNCTION = YES;
				GCC_WARN_UNUSED_VARIABLE = YES;
				IPHONEOS_DEPLOYMENT_TARGET = 17.0;
				LOCALIZATION_PREFERS_STRING_CATALOGS = YES;
				MTL_ENABLE_DEBUG_INFO = INCLUDE_SOURCE;
				MTL_FAST_MATH = YES;
				ONLY_ACTIVE_ARCH = YES;
				SDKROOT = iphoneos;
				SWIFT_ACTIVE_COMPILATION_CONDITIONS = "DEBUG $(inherited)";
				SWIFT_OPTIMIZATION_LEVEL = "-Onone";
			};
			name = Debug;
		};
		F11734122B68CB5600821BAF /* Release */ = {
			isa = XCBuildConfiguration;
			buildSettings = {
				ALWAYS_SEARCH_USER_PATHS = NO;
				ASSETCATALOG_COMPILER_GENERATE_SWIFT_ASSET_SYMBOL_EXTENSIONS = YES;
				CLANG_ANALYZER_NONNULL = YES;
				CLANG_ANALYZER_NUMBER_OBJECT_CONVERSION = YES_AGGRESSIVE;
				CLANG_CXX_LANGUAGE_STANDARD = "gnu++20";
				CLANG_ENABLE_MODULES = YES;
				CLANG_ENABLE_OBJC_ARC = YES;
				CLANG_ENABLE_OBJC_WEAK = YES;
				CLANG_WARN_BLOCK_CAPTURE_AUTORELEASING = YES;
				CLANG_WARN_BOOL_CONVERSION = YES;
				CLANG_WARN_COMMA = YES;
				CLANG_WARN_CONSTANT_CONVERSION = YES;
				CLANG_WARN_DEPRECATED_OBJC_IMPLEMENTATIONS = YES;
				CLANG_WARN_DIRECT_OBJC_ISA_USAGE = YES_ERROR;
				CLANG_WARN_DOCUMENTATION_COMMENTS = YES;
				CLANG_WARN_EMPTY_BODY = YES;
				CLANG_WARN_ENUM_CONVERSION = YES;
				CLANG_WARN_INFINITE_RECURSION = YES;
				CLANG_WARN_INT_CONVERSION = YES;
				CLANG_WARN_NON_LITERAL_NULL_CONVERSION = YES;
				CLANG_WARN_OBJC_IMPLICIT_RETAIN_SELF = YES;
				CLANG_WARN_OBJC_LITERAL_CONVERSION = YES;
				CLANG_WARN_OBJC_ROOT_CLASS = YES_ERROR;
				CLANG_WARN_QUOTED_INCLUDE_IN_FRAMEWORK_HEADER = YES;
				CLANG_WARN_RANGE_LOOP_ANALYSIS = YES;
				CLANG_WARN_STRICT_PROTOTYPES = YES;
				CLANG_WARN_SUSPICIOUS_MOVE = YES;
				CLANG_WARN_UNGUARDED_AVAILABILITY = YES_AGGRESSIVE;
				CLANG_WARN_UNREACHABLE_CODE = YES;
				CLANG_WARN__DUPLICATE_METHOD_MATCH = YES;
				COPY_PHASE_STRIP = NO;
				DEBUG_INFORMATION_FORMAT = "dwarf-with-dsym";
				ENABLE_NS_ASSERTIONS = NO;
				ENABLE_STRICT_OBJC_MSGSEND = YES;
				ENABLE_USER_SCRIPT_SANDBOXING = YES;
				GCC_C_LANGUAGE_STANDARD = gnu17;
				GCC_NO_COMMON_BLOCKS = YES;
				GCC_WARN_64_TO_32_BIT_CONVERSION = YES;
				GCC_WARN_ABOUT_RETURN_TYPE = YES_ERROR;
				GCC_WARN_UNDECLARED_SELECTOR = YES;
				GCC_WARN_UNINITIALIZED_AUTOS = YES_AGGRESSIVE;
				GCC_WARN_UNUSED_FUNCTION = YES;
				GCC_WARN_UNUSED_VARIABLE = YES;
				IPHONEOS_DEPLOYMENT_TARGET = 17.0;
				LOCALIZATION_PREFERS_STRING_CATALOGS = YES;
				MTL_ENABLE_DEBUG_INFO = NO;
				MTL_FAST_MATH = YES;
				SDKROOT = iphoneos;
				SWIFT_COMPILATION_MODE = wholemodule;
				VALIDATE_PRODUCT = YES;
			};
			name = Release;
		};
		F11734142B68CB5600821BAF /* Debug */ = {
			isa = XCBuildConfiguration;
			buildSettings = {
				ASSETCATALOG_COMPILER_APPICON_NAME = AppIcon;
				ASSETCATALOG_COMPILER_GLOBAL_ACCENT_COLOR_NAME = AccentColor;
				CODE_SIGN_STYLE = Automatic;
				CURRENT_PROJECT_VERSION = 1;
				DEVELOPMENT_TEAM = 62ZLDXLZ77;
				GENERATE_INFOPLIST_FILE = YES;
				INFOPLIST_FILE = spiSampleApp/Info.plist;
				INFOPLIST_KEY_UIApplicationSupportsIndirectInputEvents = YES;
				INFOPLIST_KEY_UILaunchStoryboardName = LaunchScreen;
				INFOPLIST_KEY_UIMainStoryboardFile = Main;
				INFOPLIST_KEY_UISupportedInterfaceOrientations_iPad = "UIInterfaceOrientationPortrait UIInterfaceOrientationPortraitUpsideDown UIInterfaceOrientationLandscapeLeft UIInterfaceOrientationLandscapeRight";
				INFOPLIST_KEY_UISupportedInterfaceOrientations_iPhone = "UIInterfaceOrientationPortrait UIInterfaceOrientationLandscapeLeft UIInterfaceOrientationLandscapeRight";
				LD_RUNPATH_SEARCH_PATHS = (
					"$(inherited)",
					"@executable_path/Frameworks",
				);
				MARKETING_VERSION = 1.0;
				PRODUCT_BUNDLE_IDENTIFIER = hogumachu.spiSampleApp;
				PRODUCT_NAME = "$(TARGET_NAME)";
				SWIFT_EMIT_LOC_STRINGS = YES;
				SWIFT_VERSION = 5.0;
				TARGETED_DEVICE_FAMILY = "1,2";
			};
			name = Debug;
		};
		F11734152B68CB5600821BAF /* Release */ = {
			isa = XCBuildConfiguration;
			buildSettings = {
				ASSETCATALOG_COMPILER_APPICON_NAME = AppIcon;
				ASSETCATALOG_COMPILER_GLOBAL_ACCENT_COLOR_NAME = AccentColor;
				CODE_SIGN_STYLE = Automatic;
				CURRENT_PROJECT_VERSION = 1;
				DEVELOPMENT_TEAM = 62ZLDXLZ77;
				GENERATE_INFOPLIST_FILE = YES;
				INFOPLIST_FILE = spiSampleApp/Info.plist;
				INFOPLIST_KEY_UIApplicationSupportsIndirectInputEvents = YES;
				INFOPLIST_KEY_UILaunchStoryboardName = LaunchScreen;
				INFOPLIST_KEY_UIMainStoryboardFile = Main;
				INFOPLIST_KEY_UISupportedInterfaceOrientations_iPad = "UIInterfaceOrientationPortrait UIInterfaceOrientationPortraitUpsideDown UIInterfaceOrientationLandscapeLeft UIInterfaceOrientationLandscapeRight";
				INFOPLIST_KEY_UISupportedInterfaceOrientations_iPhone = "UIInterfaceOrientationPortrait UIInterfaceOrientationLandscapeLeft UIInterfaceOrientationLandscapeRight";
				LD_RUNPATH_SEARCH_PATHS = (
					"$(inherited)",
					"@executable_path/Frameworks",
				);
				MARKETING_VERSION = 1.0;
				PRODUCT_BUNDLE_IDENTIFIER = hogumachu.spiSampleApp;
				PRODUCT_NAME = "$(TARGET_NAME)";
				SWIFT_EMIT_LOC_STRINGS = YES;
				SWIFT_VERSION = 5.0;
				TARGETED_DEVICE_FAMILY = "1,2";
			};
			name = Release;
		};
		F11734222B68CC3700821BAF /* Debug */ = {
			isa = XCBuildConfiguration;
			buildSettings = {
				BUNDLE_LOADER = "$(TEST_HOST)";
				CLANG_ENABLE_MODULES = YES;
				CODE_SIGN_STYLE = Automatic;
				CURRENT_PROJECT_VERSION = 1;
				DEVELOPMENT_TEAM = 62ZLDXLZ77;
				GENERATE_INFOPLIST_FILE = YES;
				MARKETING_VERSION = 1.0;
				PRODUCT_BUNDLE_IDENTIFIER = hogumachu.spiSampleAppTests;
				PRODUCT_NAME = "$(TARGET_NAME)";
				SWIFT_EMIT_LOC_STRINGS = NO;
				SWIFT_OPTIMIZATION_LEVEL = "-Onone";
				SWIFT_VERSION = 5.0;
				TARGETED_DEVICE_FAMILY = "1,2";
				TEST_HOST = "$(BUILT_PRODUCTS_DIR)/spiSampleApp.app/$(BUNDLE_EXECUTABLE_FOLDER_PATH)/spiSampleApp";
			};
			name = Debug;
		};
		F11734232B68CC3700821BAF /* Release */ = {
			isa = XCBuildConfiguration;
			buildSettings = {
				BUNDLE_LOADER = "$(TEST_HOST)";
				CLANG_ENABLE_MODULES = YES;
				CODE_SIGN_STYLE = Automatic;
				CURRENT_PROJECT_VERSION = 1;
				DEVELOPMENT_TEAM = 62ZLDXLZ77;
				GENERATE_INFOPLIST_FILE = YES;
				MARKETING_VERSION = 1.0;
				PRODUCT_BUNDLE_IDENTIFIER = hogumachu.spiSampleAppTests;
				PRODUCT_NAME = "$(TARGET_NAME)";
				SWIFT_EMIT_LOC_STRINGS = NO;
				SWIFT_VERSION = 5.0;
				TARGETED_DEVICE_FAMILY = "1,2";
				TEST_HOST = "$(BUILT_PRODUCTS_DIR)/spiSampleApp.app/$(BUNDLE_EXECUTABLE_FOLDER_PATH)/spiSampleApp";
			};
			name = Release;
		};
/* End XCBuildConfiguration section */

/* Begin XCConfigurationList section */
		F11733FA2B68CB5300821BAF /* Build configuration list for PBXProject "spiSampleApp" */ = {
			isa = XCConfigurationList;
			buildConfigurations = (
				F11734112B68CB5600821BAF /* Debug */,
				F11734122B68CB5600821BAF /* Release */,
			);
			defaultConfigurationIsVisible = 0;
			defaultConfigurationName = Release;
		};
		F11734132B68CB5600821BAF /* Build configuration list for PBXNativeTarget "spiSampleApp" */ = {
			isa = XCConfigurationList;
			buildConfigurations = (
				F11734142B68CB5600821BAF /* Debug */,
				F11734152B68CB5600821BAF /* Release */,
			);
			defaultConfigurationIsVisible = 0;
			defaultConfigurationName = Release;
		};
		F11734212B68CC3700821BAF /* Build configuration list for PBXNativeTarget "spiSampleAppTests" */ = {
			isa = XCConfigurationList;
			buildConfigurations = (
				F11734222B68CC3700821BAF /* Debug */,
				F11734232B68CC3700821BAF /* Release */,
			);
			defaultConfigurationIsVisible = 0;
			defaultConfigurationName = Release;
		};
/* End XCConfigurationList section */

/* Begin XCSwiftPackageProductDependency section */
		F117342E2B68CFA400821BAF /* LibraryA */ = {
			isa = XCSwiftPackageProductDependency;
			productName = LibraryA;
		};
/* End XCSwiftPackageProductDependency section */
	};
	rootObject = F11733F72B68CB5300821BAF /* Project object */;
}
