// !$*UTF8*$!
{
	archiveVersion = 1;
	classes = {
	};
	objectVersion = 56;
	objects = {

/* Begin PBXBuildFile section */
		F197A7AD2BA0948800A27D80 /* AppDelegate.swift in Sources */ = {isa = PBXBuildFile; fileRef = F197A7AC2BA0948800A27D80 /* AppDelegate.swift */; };
		F197A7AF2BA0948800A27D80 /* ListViewController.swift in Sources */ = {isa = PBXBuildFile; fileRef = F197A7AE2BA0948800A27D80 /* ListViewController.swift */; };
		F197A7B12BA0948B00A27D80 /* Assets.xcassets in Resources */ = {isa = PBXBuildFile; fileRef = F197A7B02BA0948B00A27D80 /* Assets.xcassets */; };
		F197A7B42BA0948B00A27D80 /* Main.storyboard in Resources */ = {isa = PBXBuildFile; fileRef = F197A7B22BA0948B00A27D80 /* Main.storyboard */; };
		F197A7C92BA097CB00A27D80 /* DetailViewController.swift in Sources */ = {isa = PBXBuildFile; fileRef = F197A7C82BA097CB00A27D80 /* DetailViewController.swift */; };
		F197A7CC2BA09C5700A27D80 /* CreateViewController.swift in Sources */ = {isa = PBXBuildFile; fileRef = F197A7CB2BA09C5700A27D80 /* CreateViewController.swift */; };
		F197A7CF2BA09E8500A27D80 /* Storage.swift in Sources */ = {isa = PBXBuildFile; fileRef = F197A7CE2BA09E8500A27D80 /* Storage.swift */; };
		F197A7D22BA0A09C00A27D80 /* ListCell.swift in Sources */ = {isa = PBXBuildFile; fileRef = F197A7D12BA0A09C00A27D80 /* ListCell.swift */; };
		F197A7D42BA0AB0B00A27D80 /* TableView+.swift in Sources */ = {isa = PBXBuildFile; fileRef = F197A7D32BA0AB0B00A27D80 /* TableView+.swift */; };
/* End PBXBuildFile section */

/* Begin PBXCopyFilesBuildPhase section */
		F197A7C62BA0964600A27D80 /* Embed Frameworks */ = {
			isa = PBXCopyFilesBuildPhase;
			buildActionMask = 2147483647;
			dstPath = "";
			dstSubfolderSpec = 10;
			files = (
			);
			name = "Embed Frameworks";
			runOnlyForDeploymentPostprocessing = 0;
		};
/* End PBXCopyFilesBuildPhase section */

/* Begin PBXFileReference section */
		F197A7A92BA0948800A27D80 /* OSXSample.app */ = {isa = PBXFileReference; explicitFileType = wrapper.application; includeInIndex = 0; path = OSXSample.app; sourceTree = BUILT_PRODUCTS_DIR; };
		F197A7AC2BA0948800A27D80 /* AppDelegate.swift */ = {isa = PBXFileReference; lastKnownFileType = sourcecode.swift; path = AppDelegate.swift; sourceTree = "<group>"; };
		F197A7AE2BA0948800A27D80 /* ListViewController.swift */ = {isa = PBXFileReference; lastKnownFileType = sourcecode.swift; path = ListViewController.swift; sourceTree = "<group>"; };
		F197A7B02BA0948B00A27D80 /* Assets.xcassets */ = {isa = PBXFileReference; lastKnownFileType = folder.assetcatalog; path = Assets.xcassets; sourceTree = "<group>"; };
		F197A7B32BA0948B00A27D80 /* Base */ = {isa = PBXFileReference; lastKnownFileType = file.storyboard; name = Base; path = Base.lproj/Main.storyboard; sourceTree = "<group>"; };
		F197A7B52BA0948B00A27D80 /* OSXSample.entitlements */ = {isa = PBXFileReference; lastKnownFileType = text.plist.entitlements; path = OSXSample.entitlements; sourceTree = "<group>"; };
		F197A7C82BA097CB00A27D80 /* DetailViewController.swift */ = {isa = PBXFileReference; lastKnownFileType = sourcecode.swift; path = DetailViewController.swift; sourceTree = "<group>"; };
		F197A7CB2BA09C5700A27D80 /* CreateViewController.swift */ = {isa = PBXFileReference; lastKnownFileType = sourcecode.swift; path = CreateViewController.swift; sourceTree = "<group>"; };
		F197A7CE2BA09E8500A27D80 /* Storage.swift */ = {isa = PBXFileReference; lastKnownFileType = sourcecode.swift; path = Storage.swift; sourceTree = "<group>"; };
		F197A7D12BA0A09C00A27D80 /* ListCell.swift */ = {isa = PBXFileReference; lastKnownFileType = sourcecode.swift; path = ListCell.swift; sourceTree = "<group>"; };
		F197A7D32BA0AB0B00A27D80 /* TableView+.swift */ = {isa = PBXFileReference; lastKnownFileType = sourcecode.swift; path = "TableView+.swift"; sourceTree = "<group>"; };
/* End PBXFileReference section */

/* Begin PBXFrameworksBuildPhase section */
		F197A7A62BA0948800A27D80 /* Frameworks */ = {
			isa = PBXFrameworksBuildPhase;
			buildActionMask = 2147483647;
			files = (
			);
			runOnlyForDeploymentPostprocessing = 0;
		};
/* End PBXFrameworksBuildPhase section */

/* Begin PBXGroup section */
		F197A7A02BA0948800A27D80 = {
			isa = PBXGroup;
			children = (
				F197A7AB2BA0948800A27D80 /* OSXSample */,
				F197A7AA2BA0948800A27D80 /* Products */,
				F197A7C02BA0963B00A27D80 /* Frameworks */,
			);
			sourceTree = "<group>";
		};
		F197A7AA2BA0948800A27D80 /* Products */ = {
			isa = PBXGroup;
			children = (
				F197A7A92BA0948800A27D80 /* OSXSample.app */,
			);
			name = Products;
			sourceTree = "<group>";
		};
		F197A7AB2BA0948800A27D80 /* OSXSample */ = {
			isa = PBXGroup;
			children = (
				F197A7D02BA0A09300A27D80 /* List */,
				F197A7CD2BA09E7D00A27D80 /* Service */,
				F197A7CA2BA09C5000A27D80 /* Create */,
				F197A7AC2BA0948800A27D80 /* AppDelegate.swift */,
				F197A7B02BA0948B00A27D80 /* Assets.xcassets */,
				F197A7B22BA0948B00A27D80 /* Main.storyboard */,
				F197A7B52BA0948B00A27D80 /* OSXSample.entitlements */,
			);
			path = OSXSample;
			sourceTree = "<group>";
		};
		F197A7C02BA0963B00A27D80 /* Frameworks */ = {
			isa = PBXGroup;
			children = (
			);
			name = Frameworks;
			sourceTree = "<group>";
		};
		F197A7C72BA097A800A27D80 /* Detail */ = {
			isa = PBXGroup;
			children = (
				F197A7C82BA097CB00A27D80 /* DetailViewController.swift */,
			);
			path = Detail;
			sourceTree = "<group>";
		};
		F197A7CA2BA09C5000A27D80 /* Create */ = {
			isa = PBXGroup;
			children = (
				F197A7C72BA097A800A27D80 /* Detail */,
				F197A7CB2BA09C5700A27D80 /* CreateViewController.swift */,
			);
			path = Create;
			sourceTree = "<group>";
		};
		F197A7CD2BA09E7D00A27D80 /* Service */ = {
			isa = PBXGroup;
			children = (
				F197A7CE2BA09E8500A27D80 /* Storage.swift */,
			);
			path = Service;
			sourceTree = "<group>";
		};
		F197A7D02BA0A09300A27D80 /* List */ = {
			isa = PBXGroup;
			children = (
				F197A7AE2BA0948800A27D80 /* ListViewController.swift */,
				F197A7D12BA0A09C00A27D80 /* ListCell.swift */,
				F197A7D32BA0AB0B00A27D80 /* TableView+.swift */,
			);
			path = List;
			sourceTree = "<group>";
		};
/* End PBXGroup section */

/* Begin PBXNativeTarget section */
		F197A7A82BA0948800A27D80 /* OSXSample */ = {
			isa = PBXNativeTarget;
			buildConfigurationList = F197A7B82BA0948B00A27D80 /* Build configuration list for PBXNativeTarget "OSXSample" */;
			buildPhases = (
				F197A7A52BA0948800A27D80 /* Sources */,
				F197A7A62BA0948800A27D80 /* Frameworks */,
				F197A7A72BA0948800A27D80 /* Resources */,
				F197A7C62BA0964600A27D80 /* Embed Frameworks */,
			);
			buildRules = (
			);
			dependencies = (
			);
			name = OSXSample;
			packageProductDependencies = (
			);
			productName = OSXSample;
			productReference = F197A7A92BA0948800A27D80 /* OSXSample.app */;
			productType = "com.apple.product-type.application";
		};
/* End PBXNativeTarget section */

/* Begin PBXProject section */
		F197A7A12BA0948800A27D80 /* Project object */ = {
			isa = PBXProject;
			attributes = {
				BuildIndependentTargetsInParallel = 1;
				LastSwiftUpdateCheck = 1500;
				LastUpgradeCheck = 1500;
				TargetAttributes = {
					F197A7A82BA0948800A27D80 = {
						CreatedOnToolsVersion = 15.0.1;
					};
				};
			};
			buildConfigurationList = F197A7A42BA0948800A27D80 /* Build configuration list for PBXProject "OSXSample" */;
			compatibilityVersion = "Xcode 14.0";
			developmentRegion = en;
			hasScannedForEncodings = 0;
			knownRegions = (
				en,
				Base,
			);
			mainGroup = F197A7A02BA0948800A27D80;
			packageReferences = (
				F197A7BB2BA094F400A27D80 /* XCRemoteSwiftPackageReference "SnapKit" */,
			);
			productRefGroup = F197A7AA2BA0948800A27D80 /* Products */;
			projectDirPath = "";
			projectRoot = "";
			targets = (
				F197A7A82BA0948800A27D80 /* OSXSample */,
			);
		};
/* End PBXProject section */

/* Begin PBXResourcesBuildPhase section */
		F197A7A72BA0948800A27D80 /* Resources */ = {
			isa = PBXResourcesBuildPhase;
			buildActionMask = 2147483647;
			files = (
				F197A7B12BA0948B00A27D80 /* Assets.xcassets in Resources */,
				F197A7B42BA0948B00A27D80 /* Main.storyboard in Resources */,
			);
			runOnlyForDeploymentPostprocessing = 0;
		};
/* End PBXResourcesBuildPhase section */

/* Begin PBXSourcesBuildPhase section */
		F197A7A52BA0948800A27D80 /* Sources */ = {
			isa = PBXSourcesBuildPhase;
			buildActionMask = 2147483647;
			files = (
				F197A7C92BA097CB00A27D80 /* DetailViewController.swift in Sources */,
				F197A7D42BA0AB0B00A27D80 /* TableView+.swift in Sources */,
				F197A7CC2BA09C5700A27D80 /* CreateViewController.swift in Sources */,
				F197A7AF2BA0948800A27D80 /* ListViewController.swift in Sources */,
				F197A7D22BA0A09C00A27D80 /* ListCell.swift in Sources */,
				F197A7AD2BA0948800A27D80 /* AppDelegate.swift in Sources */,
				F197A7CF2BA09E8500A27D80 /* Storage.swift in Sources */,
			);
			runOnlyForDeploymentPostprocessing = 0;
		};
/* End PBXSourcesBuildPhase section */

/* Begin PBXVariantGroup section */
		F197A7B22BA0948B00A27D80 /* Main.storyboard */ = {
			isa = PBXVariantGroup;
			children = (
				F197A7B32BA0948B00A27D80 /* Base */,
			);
			name = Main.storyboard;
			sourceTree = "<group>";
		};
/* End PBXVariantGroup section */

/* Begin XCBuildConfiguration section */
		F197A7B62BA0948B00A27D80 /* Debug */ = {
			isa = XCBuildConfiguration;
			buildSettings = {
				ALWAYS_SEARCH_USER_PATHS = NO;
				ASSETCATALOG_COMPILER_GENERATE_SWIFT_ASSET_SYMBOL_EXTENSIONS = YES;
				CLANG_ANALYZER_NONNULL = YES;
				CLANG_ANALYZER_NUMBER_OBJECT_CONVERSION = YES_AGGRESSIVE;
				CLANG_CXX_LANGUAGE_STANDARD = "gnu++20";
				CLANG_ENABLE_MODULES = YES;
				CLANG_ENABLE_OBJC_ARC = YES;
				CLANG_ENABLE_OBJC_WEAK = YES;
				CLANG_WARN_BLOCK_CAPTURE_AUTORELEASING = YES;
				CLANG_WARN_BOOL_CONVERSION = YES;
				CLANG_WARN_COMMA = YES;
				CLANG_WARN_CONSTANT_CONVERSION = YES;
				CLANG_WARN_DEPRECATED_OBJC_IMPLEMENTATIONS = YES;
				CLANG_WARN_DIRECT_OBJC_ISA_USAGE = YES_ERROR;
				CLANG_WARN_DOCUMENTATION_COMMENTS = YES;
				CLANG_WARN_EMPTY_BODY = YES;
				CLANG_WARN_ENUM_CONVERSION = YES;
				CLANG_WARN_INFINITE_RECURSION = YES;
				CLANG_WARN_INT_CONVERSION = YES;
				CLANG_WARN_NON_LITERAL_NULL_CONVERSION = YES;
				CLANG_WARN_OBJC_IMPLICIT_RETAIN_SELF = YES;
				CLANG_WARN_OBJC_LITERAL_CONVERSION = YES;
				CLANG_WARN_OBJC_ROOT_CLASS = YES_ERROR;
				CLANG_WARN_QUOTED_INCLUDE_IN_FRAMEWORK_HEADER = YES;
				CLANG_WARN_RANGE_LOOP_ANALYSIS = YES;
				CLANG_WARN_STRICT_PROTOTYPES = YES;
				CLANG_WARN_SUSPICIOUS_MOVE = YES;
				CLANG_WARN_UNGUARDED_AVAILABILITY = YES_AGGRESSIVE;
				CLANG_WARN_UNREACHABLE_CODE = YES;
				CLANG_WARN__DUPLICATE_METHOD_MATCH = YES;
				COPY_PHASE_STRIP = NO;
				DEBUG_INFORMATION_FORMAT = dwarf;
				ENABLE_STRICT_OBJC_MSGSEND = YES;
				ENABLE_TESTABILITY = YES;
				ENABLE_USER_SCRIPT_SANDBOXING = YES;
				GCC_C_LANGUAGE_STANDARD = gnu17;
				GCC_DYNAMIC_NO_PIC = NO;
				GCC_NO_COMMON_BLOCKS = YES;
				GCC_OPTIMIZATION_LEVEL = 0;
				GCC_PREPROCESSOR_DEFINITIONS = (
					"DEBUG=1",
					"$(inherited)",
				);
				GCC_WARN_64_TO_32_BIT_CONVERSION = YES;
				GCC_WARN_ABOUT_RETURN_TYPE = YES_ERROR;
				GCC_WARN_UNDECLARED_SELECTOR = YES;
				GCC_WARN_UNINITIALIZED_AUTOS = YES_AGGRESSIVE;
				GCC_WARN_UNUSED_FUNCTION = YES;
				GCC_WARN_UNUSED_VARIABLE = YES;
				LOCALIZATION_PREFERS_STRING_CATALOGS = YES;
				MACOSX_DEPLOYMENT_TARGET = 14.0;
				MTL_ENABLE_DEBUG_INFO = INCLUDE_SOURCE;
				MTL_FAST_MATH = YES;
				ONLY_ACTIVE_ARCH = YES;
				SDKROOT = macosx;
				SWIFT_ACTIVE_COMPILATION_CONDITIONS = "DEBUG $(inherited)";
				SWIFT_OPTIMIZATION_LEVEL = "-Onone";
			};
			name = Debug;
		};
		F197A7B72BA0948B00A27D80 /* Release */ = {
			isa = XCBuildConfiguration;
			buildSettings = {
				ALWAYS_SEARCH_USER_PATHS = NO;
				ASSETCATALOG_COMPILER_GENERATE_SWIFT_ASSET_SYMBOL_EXTENSIONS = YES;
				CLANG_ANALYZER_NONNULL = YES;
				CLANG_ANALYZER_NUMBER_OBJECT_CONVERSION = YES_AGGRESSIVE;
				CLANG_CXX_LANGUAGE_STANDARD = "gnu++20";
				CLANG_ENABLE_MODULES = YES;
				CLANG_ENABLE_OBJC_ARC = YES;
				CLANG_ENABLE_OBJC_WEAK = YES;
				CLANG_WARN_BLOCK_CAPTURE_AUTORELEASING = YES;
				CLANG_WARN_BOOL_CONVERSION = YES;
				CLANG_WARN_COMMA = YES;
				CLANG_WARN_CONSTANT_CONVERSION = YES;
				CLANG_WARN_DEPRECATED_OBJC_IMPLEMENTATIONS = YES;
				CLANG_WARN_DIRECT_OBJC_ISA_USAGE = YES_ERROR;
				CLANG_WARN_DOCUMENTATION_COMMENTS = YES;
				CLANG_WARN_EMPTY_BODY = YES;
				CLANG_WARN_ENUM_CONVERSION = YES;
				CLANG_WARN_INFINITE_RECURSION = YES;
				CLANG_WARN_INT_CONVERSION = YES;
				CLANG_WARN_NON_LITERAL_NULL_CONVERSION = YES;
				CLANG_WARN_OBJC_IMPLICIT_RETAIN_SELF = YES;
				CLANG_WARN_OBJC_LITERAL_CONVERSION = YES;
				CLANG_WARN_OBJC_ROOT_CLASS = YES_ERROR;
				CLANG_WARN_QUOTED_INCLUDE_IN_FRAMEWORK_HEADER = YES;
				CLANG_WARN_RANGE_LOOP_ANALYSIS = YES;
				CLANG_WARN_STRICT_PROTOTYPES = YES;
				CLANG_WARN_SUSPICIOUS_MOVE = YES;
				CLANG_WARN_UNGUARDED_AVAILABILITY = YES_AGGRESSIVE;
				CLANG_WARN_UNREACHABLE_CODE = YES;
				CLANG_WARN__DUPLICATE_METHOD_MATCH = YES;
				COPY_PHASE_STRIP = NO;
				DEBUG_INFORMATION_FORMAT = "dwarf-with-dsym";
				ENABLE_NS_ASSERTIONS = NO;
				ENABLE_STRICT_OBJC_MSGSEND = YES;
				ENABLE_USER_SCRIPT_SANDBOXING = YES;
				GCC_C_LANGUAGE_STANDARD = gnu17;
				GCC_NO_COMMON_BLOCKS = YES;
				GCC_WARN_64_TO_32_BIT_CONVERSION = YES;
				GCC_WARN_ABOUT_RETURN_TYPE = YES_ERROR;
				GCC_WARN_UNDECLARED_SELECTOR = YES;
				GCC_WARN_UNINITIALIZED_AUTOS = YES_AGGRESSIVE;
				GCC_WARN_UNUSED_FUNCTION = YES;
				GCC_WARN_UNUSED_VARIABLE = YES;
				LOCALIZATION_PREFERS_STRING_CATALOGS = YES;
				MACOSX_DEPLOYMENT_TARGET = 14.0;
				MTL_ENABLE_DEBUG_INFO = NO;
				MTL_FAST_MATH = YES;
				SDKROOT = macosx;
				SWIFT_COMPILATION_MODE = wholemodule;
			};
			name = Release;
		};
		F197A7B92BA0948B00A27D80 /* Debug */ = {
			isa = XCBuildConfiguration;
			buildSettings = {
				ASSETCATALOG_COMPILER_APPICON_NAME = AppIcon;
				ASSETCATALOG_COMPILER_GLOBAL_ACCENT_COLOR_NAME = AccentColor;
				CODE_SIGN_ENTITLEMENTS = OSXSample/OSXSample.entitlements;
				CODE_SIGN_STYLE = Automatic;
				COMBINE_HIDPI_IMAGES = YES;
				CURRENT_PROJECT_VERSION = 1;
				DEVELOPMENT_TEAM = 62ZLDXLZ77;
				ENABLE_HARDENED_RUNTIME = YES;
				GENERATE_INFOPLIST_FILE = YES;
				INFOPLIST_KEY_NSHumanReadableCopyright = "";
				INFOPLIST_KEY_NSMainStoryboardFile = Main;
				INFOPLIST_KEY_NSPrincipalClass = NSApplication;
				LD_RUNPATH_SEARCH_PATHS = (
					"$(inherited)",
					"@executable_path/../Frameworks",
				);
				MARKETING_VERSION = 1.0;
				PRODUCT_BUNDLE_IDENTIFIER = hogumachu.OSXSample;
				PRODUCT_NAME = "$(TARGET_NAME)";
				SWIFT_EMIT_LOC_STRINGS = YES;
				SWIFT_VERSION = 5.0;
			};
			name = Debug;
		};
		F197A7BA2BA0948B00A27D80 /* Release */ = {
			isa = XCBuildConfiguration;
			buildSettings = {
				ASSETCATALOG_COMPILER_APPICON_NAME = AppIcon;
				ASSETCATALOG_COMPILER_GLOBAL_ACCENT_COLOR_NAME = AccentColor;
				CODE_SIGN_ENTITLEMENTS = OSXSample/OSXSample.entitlements;
				CODE_SIGN_STYLE = Automatic;
				COMBINE_HIDPI_IMAGES = YES;
				CURRENT_PROJECT_VERSION = 1;
				DEVELOPMENT_TEAM = 62ZLDXLZ77;
				ENABLE_HARDENED_RUNTIME = YES;
				GENERATE_INFOPLIST_FILE = YES;
				INFOPLIST_KEY_NSHumanReadableCopyright = "";
				INFOPLIST_KEY_NSMainStoryboardFile = Main;
				INFOPLIST_KEY_NSPrincipalClass = NSApplication;
				LD_RUNPATH_SEARCH_PATHS = (
					"$(inherited)",
					"@executable_path/../Frameworks",
				);
				MARKETING_VERSION = 1.0;
				PRODUCT_BUNDLE_IDENTIFIER = hogumachu.OSXSample;
				PRODUCT_NAME = "$(TARGET_NAME)";
				SWIFT_EMIT_LOC_STRINGS = YES;
				SWIFT_VERSION = 5.0;
			};
			name = Release;
		};
/* End XCBuildConfiguration section */

/* Begin XCConfigurationList section */
		F197A7A42BA0948800A27D80 /* Build configuration list for PBXProject "OSXSample" */ = {
			isa = XCConfigurationList;
			buildConfigurations = (
				F197A7B62BA0948B00A27D80 /* Debug */,
				F197A7B72BA0948B00A27D80 /* Release */,
			);
			defaultConfigurationIsVisible = 0;
			defaultConfigurationName = Release;
		};
		F197A7B82BA0948B00A27D80 /* Build configuration list for PBXNativeTarget "OSXSample" */ = {
			isa = XCConfigurationList;
			buildConfigurations = (
				F197A7B92BA0948B00A27D80 /* Debug */,
				F197A7BA2BA0948B00A27D80 /* Release */,
			);
			defaultConfigurationIsVisible = 0;
			defaultConfigurationName = Release;
		};
/* End XCConfigurationList section */

/* Begin XCRemoteSwiftPackageReference section */
		F197A7BB2BA094F400A27D80 /* XCRemoteSwiftPackageReference "SnapKit" */ = {
			isa = XCRemoteSwiftPackageReference;
			repositoryURL = "https://github.com/SnapKit/SnapKit";
			requirement = {
				kind = upToNextMajorVersion;
				minimumVersion = 5.7.1;
			};
		};
/* End XCRemoteSwiftPackageReference section */
	};
	rootObject = F197A7A12BA0948800A27D80 /* Project object */;
}
