// !$*UTF8*$!
{
	archiveVersion = 1;
	classes = {
	};
	objectVersion = 56;
	objects = {

/* Begin PBXBuildFile section */
		F19B132E2BB6C48C00EB3B55 /* AppDelegate.swift in Sources */ = {isa = PBXBuildFile; fileRef = F19B132D2BB6C48C00EB3B55 /* AppDelegate.swift */; };
		F19B13302BB6C48C00EB3B55 /* SceneDelegate.swift in Sources */ = {isa = PBXBuildFile; fileRef = F19B132F2BB6C48C00EB3B55 /* SceneDelegate.swift */; };
		F19B13322BB6C48C00EB3B55 /* ViewController.swift in Sources */ = {isa = PBXBuildFile; fileRef = F19B13312BB6C48C00EB3B55 /* ViewController.swift */; };
		F19B13352BB6C48C00EB3B55 /* Main.storyboard in Resources */ = {isa = PBXBuildFile; fileRef = F19B13332BB6C48C00EB3B55 /* Main.storyboard */; };
		F19B13372BB6C48F00EB3B55 /* Assets.xcassets in Resources */ = {isa = PBXBuildFile; fileRef = F19B13362BB6C48F00EB3B55 /* Assets.xcassets */; };
		F19B133A2BB6C48F00EB3B55 /* LaunchScreen.storyboard in Resources */ = {isa = PBXBuildFile; fileRef = F19B13382BB6C48F00EB3B55 /* LaunchScreen.storyboard */; };
		F19B134A2BB6C88600EB3B55 /* ResourceKit in Frameworks */ = {isa = PBXBuildFile; productRef = F19B13492BB6C88600EB3B55 /* ResourceKit */; };
		F19B134C2BB703EF00EB3B55 /* Localizable.xcstrings in Resources */ = {isa = PBXBuildFile; fileRef = F19B134B2BB703EF00EB3B55 /* Localizable.xcstrings */; };
		F19B134F2BB70E4D00EB3B55 /* LocalizedMacro in Frameworks */ = {isa = PBXBuildFile; productRef = F19B134E2BB70E4D00EB3B55 /* LocalizedMacro */; };
/* End PBXBuildFile section */

/* Begin PBXFileReference section */
		F19B132A2BB6C48C00EB3B55 /* LocalizingSample.app */ = {isa = PBXFileReference; explicitFileType = wrapper.application; includeInIndex = 0; path = LocalizingSample.app; sourceTree = BUILT_PRODUCTS_DIR; };
		F19B132D2BB6C48C00EB3B55 /* AppDelegate.swift */ = {isa = PBXFileReference; lastKnownFileType = sourcecode.swift; path = AppDelegate.swift; sourceTree = "<group>"; };
		F19B132F2BB6C48C00EB3B55 /* SceneDelegate.swift */ = {isa = PBXFileReference; lastKnownFileType = sourcecode.swift; path = SceneDelegate.swift; sourceTree = "<group>"; };
		F19B13312BB6C48C00EB3B55 /* ViewController.swift */ = {isa = PBXFileReference; lastKnownFileType = sourcecode.swift; path = ViewController.swift; sourceTree = "<group>"; };
		F19B13342BB6C48C00EB3B55 /* Base */ = {isa = PBXFileReference; lastKnownFileType = file.storyboard; name = Base; path = Base.lproj/Main.storyboard; sourceTree = "<group>"; };
		F19B13362BB6C48F00EB3B55 /* Assets.xcassets */ = {isa = PBXFileReference; lastKnownFileType = folder.assetcatalog; path = Assets.xcassets; sourceTree = "<group>"; };
		F19B13392BB6C48F00EB3B55 /* Base */ = {isa = PBXFileReference; lastKnownFileType = file.storyboard; name = Base; path = Base.lproj/LaunchScreen.storyboard; sourceTree = "<group>"; };
		F19B133B2BB6C48F00EB3B55 /* Info.plist */ = {isa = PBXFileReference; lastKnownFileType = text.plist.xml; path = Info.plist; sourceTree = "<group>"; };
		F19B13412BB6C4CF00EB3B55 /* ko */ = {isa = PBXFileReference; lastKnownFileType = text.plist.strings; name = ko; path = ko.lproj/Main.strings; sourceTree = "<group>"; };
		F19B13422BB6C4CF00EB3B55 /* ko */ = {isa = PBXFileReference; lastKnownFileType = text.plist.strings; name = ko; path = ko.lproj/LaunchScreen.strings; sourceTree = "<group>"; };
		F19B13452BB6C7E400EB3B55 /* ResourceKit */ = {isa = PBXFileReference; lastKnownFileType = wrapper; path = ResourceKit; sourceTree = "<group>"; };
		F19B134B2BB703EF00EB3B55 /* Localizable.xcstrings */ = {isa = PBXFileReference; lastKnownFileType = text.json.xcstrings; path = Localizable.xcstrings; sourceTree = "<group>"; };
		F19B134D2BB7069100EB3B55 /* LocalizedMacro */ = {isa = PBXFileReference; lastKnownFileType = text; path = LocalizedMacro; sourceTree = SOURCE_ROOT; };
/* End PBXFileReference section */

/* Begin PBXFrameworksBuildPhase section */
		F19B13272BB6C48C00EB3B55 /* Frameworks */ = {
			isa = PBXFrameworksBuildPhase;
			buildActionMask = 2147483647;
			files = (
				F19B134A2BB6C88600EB3B55 /* ResourceKit in Frameworks */,
				F19B134F2BB70E4D00EB3B55 /* LocalizedMacro in Frameworks */,
			);
			runOnlyForDeploymentPostprocessing = 0;
		};
/* End PBXFrameworksBuildPhase section */

/* Begin PBXGroup section */
		F19B13212BB6C48C00EB3B55 = {
			isa = PBXGroup;
			children = (
				F19B13452BB6C7E400EB3B55 /* ResourceKit */,
				F19B132C2BB6C48C00EB3B55 /* LocalizingSample */,
				F19B132B2BB6C48C00EB3B55 /* Products */,
				F19B13482BB6C88600EB3B55 /* Frameworks */,
			);
			sourceTree = "<group>";
		};
		F19B132B2BB6C48C00EB3B55 /* Products */ = {
			isa = PBXGroup;
			children = (
				F19B132A2BB6C48C00EB3B55 /* LocalizingSample.app */,
			);
			name = Products;
			sourceTree = "<group>";
		};
		F19B132C2BB6C48C00EB3B55 /* LocalizingSample */ = {
			isa = PBXGroup;
			children = (
				F19B134D2BB7069100EB3B55 /* LocalizedMacro */,
				F19B132D2BB6C48C00EB3B55 /* AppDelegate.swift */,
				F19B132F2BB6C48C00EB3B55 /* SceneDelegate.swift */,
				F19B13312BB6C48C00EB3B55 /* ViewController.swift */,
				F19B13332BB6C48C00EB3B55 /* Main.storyboard */,
				F19B13362BB6C48F00EB3B55 /* Assets.xcassets */,
				F19B13382BB6C48F00EB3B55 /* LaunchScreen.storyboard */,
				F19B133B2BB6C48F00EB3B55 /* Info.plist */,
				F19B134B2BB703EF00EB3B55 /* Localizable.xcstrings */,
			);
			path = LocalizingSample;
			sourceTree = "<group>";
		};
		F19B13482BB6C88600EB3B55 /* Frameworks */ = {
			isa = PBXGroup;
			children = (
			);
			name = Frameworks;
			sourceTree = "<group>";
		};
/* End PBXGroup section */

/* Begin PBXNativeTarget section */
		F19B13292BB6C48C00EB3B55 /* LocalizingSample */ = {
			isa = PBXNativeTarget;
			buildConfigurationList = F19B133E2BB6C48F00EB3B55 /* Build configuration list for PBXNativeTarget "LocalizingSample" */;
			buildPhases = (
				F19B13262BB6C48C00EB3B55 /* Sources */,
				F19B13272BB6C48C00EB3B55 /* Frameworks */,
				F19B13282BB6C48C00EB3B55 /* Resources */,
			);
			buildRules = (
			);
			dependencies = (
			);
			name = LocalizingSample;
			packageProductDependencies = (
				F19B13492BB6C88600EB3B55 /* ResourceKit */,
				F19B134E2BB70E4D00EB3B55 /* LocalizedMacro */,
			);
			productName = LocalizingSample;
			productReference = F19B132A2BB6C48C00EB3B55 /* LocalizingSample.app */;
			productType = "com.apple.product-type.application";
		};
/* End PBXNativeTarget section */

/* Begin PBXProject section */
		F19B13222BB6C48C00EB3B55 /* Project object */ = {
			isa = PBXProject;
			attributes = {
				BuildIndependentTargetsInParallel = 1;
				LastSwiftUpdateCheck = 1500;
				LastUpgradeCheck = 1500;
				TargetAttributes = {
					F19B13292BB6C48C00EB3B55 = {
						CreatedOnToolsVersion = 15.0.1;
					};
				};
			};
			buildConfigurationList = F19B13252BB6C48C00EB3B55 /* Build configuration list for PBXProject "LocalizingSample" */;
			compatibilityVersion = "Xcode 14.0";
			developmentRegion = en;
			hasScannedForEncodings = 0;
			knownRegions = (
				en,
				Base,
				ko,
			);
			mainGroup = F19B13212BB6C48C00EB3B55;
			productRefGroup = F19B132B2BB6C48C00EB3B55 /* Products */;
			projectDirPath = "";
			projectRoot = "";
			targets = (
				F19B13292BB6C48C00EB3B55 /* LocalizingSample */,
			);
		};
/* End PBXProject section */

/* Begin PBXResourcesBuildPhase section */
		F19B13282BB6C48C00EB3B55 /* Resources */ = {
			isa = PBXResourcesBuildPhase;
			buildActionMask = 2147483647;
			files = (
				F19B133A2BB6C48F00EB3B55 /* LaunchScreen.storyboard in Resources */,
				F19B13372BB6C48F00EB3B55 /* Assets.xcassets in Resources */,
				F19B134C2BB703EF00EB3B55 /* Localizable.xcstrings in Resources */,
				F19B13352BB6C48C00EB3B55 /* Main.storyboard in Resources */,
			);
			runOnlyForDeploymentPostprocessing = 0;
		};
/* End PBXResourcesBuildPhase section */

/* Begin PBXSourcesBuildPhase section */
		F19B13262BB6C48C00EB3B55 /* Sources */ = {
			isa = PBXSourcesBuildPhase;
			buildActionMask = 2147483647;
			files = (
				F19B13322BB6C48C00EB3B55 /* ViewController.swift in Sources */,
				F19B132E2BB6C48C00EB3B55 /* AppDelegate.swift in Sources */,
				F19B13302BB6C48C00EB3B55 /* SceneDelegate.swift in Sources */,
			);
			runOnlyForDeploymentPostprocessing = 0;
		};
/* End PBXSourcesBuildPhase section */

/* Begin PBXVariantGroup section */
		F19B13332BB6C48C00EB3B55 /* Main.storyboard */ = {
			isa = PBXVariantGroup;
			children = (
				F19B13342BB6C48C00EB3B55 /* Base */,
				F19B13412BB6C4CF00EB3B55 /* ko */,
			);
			name = Main.storyboard;
			sourceTree = "<group>";
		};
		F19B13382BB6C48F00EB3B55 /* LaunchScreen.storyboard */ = {
			isa = PBXVariantGroup;
			children = (
				F19B13392BB6C48F00EB3B55 /* Base */,
				F19B13422BB6C4CF00EB3B55 /* ko */,
			);
			name = LaunchScreen.storyboard;
			sourceTree = "<group>";
		};
/* End PBXVariantGroup section */

/* Begin XCBuildConfiguration section */
		F19B133C2BB6C48F00EB3B55 /* Debug */ = {
			isa = XCBuildConfiguration;
			buildSettings = {
				ALWAYS_SEARCH_USER_PATHS = NO;
				ASSETCATALOG_COMPILER_GENERATE_SWIFT_ASSET_SYMBOL_EXTENSIONS = YES;
				CLANG_ANALYZER_LOCALIZABILITY_NONLOCALIZED = YES;
				CLANG_ANALYZER_NONNULL = YES;
				CLANG_ANALYZER_NUMBER_OBJECT_CONVERSION = YES_AGGRESSIVE;
				CLANG_CXX_LANGUAGE_STANDARD = "gnu++20";
				CLANG_ENABLE_MODULES = YES;
				CLANG_ENABLE_OBJC_ARC = YES;
				CLANG_ENABLE_OBJC_WEAK = YES;
				CLANG_WARN_BLOCK_CAPTURE_AUTORELEASING = YES;
				CLANG_WARN_BOOL_CONVERSION = YES;
				CLANG_WARN_COMMA = YES;
				CLANG_WARN_CONSTANT_CONVERSION = YES;
				CLANG_WARN_DEPRECATED_OBJC_IMPLEMENTATIONS = YES;
				CLANG_WARN_DIRECT_OBJC_ISA_USAGE = YES_ERROR;
				CLANG_WARN_DOCUMENTATION_COMMENTS = YES;
				CLANG_WARN_EMPTY_BODY = YES;
				CLANG_WARN_ENUM_CONVERSION = YES;
				CLANG_WARN_INFINITE_RECURSION = YES;
				CLANG_WARN_INT_CONVERSION = YES;
				CLANG_WARN_NON_LITERAL_NULL_CONVERSION = YES;
				CLANG_WARN_OBJC_IMPLICIT_RETAIN_SELF = YES;
				CLANG_WARN_OBJC_LITERAL_CONVERSION = YES;
				CLANG_WARN_OBJC_ROOT_CLASS = YES_ERROR;
				CLANG_WARN_QUOTED_INCLUDE_IN_FRAMEWORK_HEADER = YES;
				CLANG_WARN_RANGE_LOOP_ANALYSIS = YES;
				CLANG_WARN_STRICT_PROTOTYPES = YES;
				CLANG_WARN_SUSPICIOUS_MOVE = YES;
				CLANG_WARN_UNGUARDED_AVAILABILITY = YES_AGGRESSIVE;
				CLANG_WARN_UNREACHABLE_CODE = YES;
				CLANG_WARN__DUPLICATE_METHOD_MATCH = YES;
				COPY_PHASE_STRIP = NO;
				DEBUG_INFORMATION_FORMAT = dwarf;
				ENABLE_STRICT_OBJC_MSGSEND = YES;
				ENABLE_TESTABILITY = YES;
				ENABLE_USER_SCRIPT_SANDBOXING = YES;
				GCC_C_LANGUAGE_STANDARD = gnu17;
				GCC_DYNAMIC_NO_PIC = NO;
				GCC_NO_COMMON_BLOCKS = YES;
				GCC_OPTIMIZATION_LEVEL = 0;
				GCC_PREPROCESSOR_DEFINITIONS = (
					"DEBUG=1",
					"$(inherited)",
				);
				GCC_WARN_64_TO_32_BIT_CONVERSION = YES;
				GCC_WARN_ABOUT_RETURN_TYPE = YES_ERROR;
				GCC_WARN_UNDECLARED_SELECTOR = YES;
				GCC_WARN_UNINITIALIZED_AUTOS = YES_AGGRESSIVE;
				GCC_WARN_UNUSED_FUNCTION = YES;
				GCC_WARN_UNUSED_VARIABLE = YES;
				IPHONEOS_DEPLOYMENT_TARGET = 17.0;
				LOCALIZATION_PREFERS_STRING_CATALOGS = YES;
				MTL_ENABLE_DEBUG_INFO = INCLUDE_SOURCE;
				MTL_FAST_MATH = YES;
				ONLY_ACTIVE_ARCH = YES;
				SDKROOT = iphoneos;
				SWIFT_ACTIVE_COMPILATION_CONDITIONS = "DEBUG $(inherited)";
				SWIFT_EMIT_LOC_STRINGS = YES;
				SWIFT_OPTIMIZATION_LEVEL = "-Onone";
			};
			name = Debug;
		};
		F19B133D2BB6C48F00EB3B55 /* Release */ = {
			isa = XCBuildConfiguration;
			buildSettings = {
				ALWAYS_SEARCH_USER_PATHS = NO;
				ASSETCATALOG_COMPILER_GENERATE_SWIFT_ASSET_SYMBOL_EXTENSIONS = YES;
				CLANG_ANALYZER_LOCALIZABILITY_NONLOCALIZED = YES;
				CLANG_ANALYZER_NONNULL = YES;
				CLANG_ANALYZER_NUMBER_OBJECT_CONVERSION = YES_AGGRESSIVE;
				CLANG_CXX_LANGUAGE_STANDARD = "gnu++20";
				CLANG_ENABLE_MODULES = YES;
				CLANG_ENABLE_OBJC_ARC = YES;
				CLANG_ENABLE_OBJC_WEAK = YES;
				CLANG_WARN_BLOCK_CAPTURE_AUTORELEASING = YES;
				CLANG_WARN_BOOL_CONVERSION = YES;
				CLANG_WARN_COMMA = YES;
				CLANG_WARN_CONSTANT_CONVERSION = YES;
				CLANG_WARN_DEPRECATED_OBJC_IMPLEMENTATIONS = YES;
				CLANG_WARN_DIRECT_OBJC_ISA_USAGE = YES_ERROR;
				CLANG_WARN_DOCUMENTATION_COMMENTS = YES;
				CLANG_WARN_EMPTY_BODY = YES;
				CLANG_WARN_ENUM_CONVERSION = YES;
				CLANG_WARN_INFINITE_RECURSION = YES;
				CLANG_WARN_INT_CONVERSION = YES;
				CLANG_WARN_NON_LITERAL_NULL_CONVERSION = YES;
				CLANG_WARN_OBJC_IMPLICIT_RETAIN_SELF = YES;
				CLANG_WARN_OBJC_LITERAL_CONVERSION = YES;
				CLANG_WARN_OBJC_ROOT_CLASS = YES_ERROR;
				CLANG_WARN_QUOTED_INCLUDE_IN_FRAMEWORK_HEADER = YES;
				CLANG_WARN_RANGE_LOOP_ANALYSIS = YES;
				CLANG_WARN_STRICT_PROTOTYPES = YES;
				CLANG_WARN_SUSPICIOUS_MOVE = YES;
				CLANG_WARN_UNGUARDED_AVAILABILITY = YES_AGGRESSIVE;
				CLANG_WARN_UNREACHABLE_CODE = YES;
				CLANG_WARN__DUPLICATE_METHOD_MATCH = YES;
				COPY_PHASE_STRIP = NO;
				DEBUG_INFORMATION_FORMAT = "dwarf-with-dsym";
				ENABLE_NS_ASSERTIONS = NO;
				ENABLE_STRICT_OBJC_MSGSEND = YES;
				ENABLE_USER_SCRIPT_SANDBOXING = YES;
				GCC_C_LANGUAGE_STANDARD = gnu17;
				GCC_NO_COMMON_BLOCKS = YES;
				GCC_WARN_64_TO_32_BIT_CONVERSION = YES;
				GCC_WARN_ABOUT_RETURN_TYPE = YES_ERROR;
				GCC_WARN_UNDECLARED_SELECTOR = YES;
				GCC_WARN_UNINITIALIZED_AUTOS = YES_AGGRESSIVE;
				GCC_WARN_UNUSED_FUNCTION = YES;
				GCC_WARN_UNUSED_VARIABLE = YES;
				IPHONEOS_DEPLOYMENT_TARGET = 17.0;
				LOCALIZATION_PREFERS_STRING_CATALOGS = YES;
				MTL_ENABLE_DEBUG_INFO = NO;
				MTL_FAST_MATH = YES;
				SDKROOT = iphoneos;
				SWIFT_COMPILATION_MODE = wholemodule;
				SWIFT_EMIT_LOC_STRINGS = YES;
				VALIDATE_PRODUCT = YES;
			};
			name = Release;
		};
		F19B133F2BB6C48F00EB3B55 /* Debug */ = {
			isa = XCBuildConfiguration;
			buildSettings = {
				ASSETCATALOG_COMPILER_APPICON_NAME = AppIcon;
				ASSETCATALOG_COMPILER_GLOBAL_ACCENT_COLOR_NAME = AccentColor;
				CODE_SIGN_STYLE = Automatic;
				CURRENT_PROJECT_VERSION = 1;
				DEVELOPMENT_TEAM = 62ZLDXLZ77;
				GENERATE_INFOPLIST_FILE = YES;
				INFOPLIST_FILE = LocalizingSample/Info.plist;
				INFOPLIST_KEY_UIApplicationSupportsIndirectInputEvents = YES;
				INFOPLIST_KEY_UILaunchStoryboardName = LaunchScreen;
				INFOPLIST_KEY_UIMainStoryboardFile = Main;
				INFOPLIST_KEY_UISupportedInterfaceOrientations_iPad = "UIInterfaceOrientationPortrait UIInterfaceOrientationPortraitUpsideDown UIInterfaceOrientationLandscapeLeft UIInterfaceOrientationLandscapeRight";
				INFOPLIST_KEY_UISupportedInterfaceOrientations_iPhone = "UIInterfaceOrientationPortrait UIInterfaceOrientationLandscapeLeft UIInterfaceOrientationLandscapeRight";
				LD_RUNPATH_SEARCH_PATHS = (
					"$(inherited)",
					"@executable_path/Frameworks",
				);
				MARKETING_VERSION = 1.0;
				PRODUCT_BUNDLE_IDENTIFIER = hogumachu.LocalizingSample;
				PRODUCT_NAME = "$(TARGET_NAME)";
				SWIFT_EMIT_LOC_STRINGS = YES;
				SWIFT_VERSION = 5.0;
				TARGETED_DEVICE_FAMILY = "1,2";
			};
			name = Debug;
		};
		F19B13402BB6C48F00EB3B55 /* Release */ = {
			isa = XCBuildConfiguration;
			buildSettings = {
				ASSETCATALOG_COMPILER_APPICON_NAME = AppIcon;
				ASSETCATALOG_COMPILER_GLOBAL_ACCENT_COLOR_NAME = AccentColor;
				CODE_SIGN_STYLE = Automatic;
				CURRENT_PROJECT_VERSION = 1;
				DEVELOPMENT_TEAM = 62ZLDXLZ77;
				GENERATE_INFOPLIST_FILE = YES;
				INFOPLIST_FILE = LocalizingSample/Info.plist;
				INFOPLIST_KEY_UIApplicationSupportsIndirectInputEvents = YES;
				INFOPLIST_KEY_UILaunchStoryboardName = LaunchScreen;
				INFOPLIST_KEY_UIMainStoryboardFile = Main;
				INFOPLIST_KEY_UISupportedInterfaceOrientations_iPad = "UIInterfaceOrientationPortrait UIInterfaceOrientationPortraitUpsideDown UIInterfaceOrientationLandscapeLeft UIInterfaceOrientationLandscapeRight";
				INFOPLIST_KEY_UISupportedInterfaceOrientations_iPhone = "UIInterfaceOrientationPortrait UIInterfaceOrientationLandscapeLeft UIInterfaceOrientationLandscapeRight";
				LD_RUNPATH_SEARCH_PATHS = (
					"$(inherited)",
					"@executable_path/Frameworks",
				);
				MARKETING_VERSION = 1.0;
				PRODUCT_BUNDLE_IDENTIFIER = hogumachu.LocalizingSample;
				PRODUCT_NAME = "$(TARGET_NAME)";
				SWIFT_EMIT_LOC_STRINGS = YES;
				SWIFT_VERSION = 5.0;
				TARGETED_DEVICE_FAMILY = "1,2";
			};
			name = Release;
		};
/* End XCBuildConfiguration section */

/* Begin XCConfigurationList section */
		F19B13252BB6C48C00EB3B55 /* Build configuration list for PBXProject "LocalizingSample" */ = {
			isa = XCConfigurationList;
			buildConfigurations = (
				F19B133C2BB6C48F00EB3B55 /* Debug */,
				F19B133D2BB6C48F00EB3B55 /* Release */,
			);
			defaultConfigurationIsVisible = 0;
			defaultConfigurationName = Release;
		};
		F19B133E2BB6C48F00EB3B55 /* Build configuration list for PBXNativeTarget "LocalizingSample" */ = {
			isa = XCConfigurationList;
			buildConfigurations = (
				F19B133F2BB6C48F00EB3B55 /* Debug */,
				F19B13402BB6C48F00EB3B55 /* Release */,
			);
			defaultConfigurationIsVisible = 0;
			defaultConfigurationName = Release;
		};
/* End XCConfigurationList section */

/* Begin XCSwiftPackageProductDependency section */
		F19B13492BB6C88600EB3B55 /* ResourceKit */ = {
			isa = XCSwiftPackageProductDependency;
			productName = ResourceKit;
		};
		F19B134E2BB70E4D00EB3B55 /* LocalizedMacro */ = {
			isa = XCSwiftPackageProductDependency;
			productName = LocalizedMacro;
		};
/* End XCSwiftPackageProductDependency section */
	};
	rootObject = F19B13222BB6C48C00EB3B55 /* Project object */;
}
