// !$*UTF8*$!
{
	archiveVersion = 1;
	classes = {
	};
	objectVersion = 56;
	objects = {

/* Begin PBXBuildFile section */
		F1DAD12F2B692C8B00424D7F /* AppDelegate.swift in Sources */ = {isa = PBXBuildFile; fileRef = F1DAD12E2B692C8B00424D7F /* AppDelegate.swift */; };
		F1DAD1312B692C8B00424D7F /* SceneDelegate.swift in Sources */ = {isa = PBXBuildFile; fileRef = F1DAD1302B692C8B00424D7F /* SceneDelegate.swift */; };
		F1DAD1332B692C8B00424D7F /* ViewController.swift in Sources */ = {isa = PBXBuildFile; fileRef = F1DAD1322B692C8B00424D7F /* ViewController.swift */; };
		F1DAD1362B692C8B00424D7F /* Main.storyboard in Resources */ = {isa = PBXBuildFile; fileRef = F1DAD1342B692C8B00424D7F /* Main.storyboard */; };
		F1DAD1382B692C8D00424D7F /* Assets.xcassets in Resources */ = {isa = PBXBuildFile; fileRef = F1DAD1372B692C8D00424D7F /* Assets.xcassets */; };
		F1DAD13B2B692C8D00424D7F /* LaunchScreen.storyboard in Resources */ = {isa = PBXBuildFile; fileRef = F1DAD1392B692C8D00424D7F /* LaunchScreen.storyboard */; };
		F1DAD1DE2B692E5000424D7F /* FrameworkA.framework in Frameworks */ = {isa = PBXBuildFile; fileRef = F1DAD15B2B692CCB00424D7F /* FrameworkA.framework */; };
		F1DAD1DF2B692E5000424D7F /* FrameworkA.framework in Embed Frameworks */ = {isa = PBXBuildFile; fileRef = F1DAD15B2B692CCB00424D7F /* FrameworkA.framework */; settings = {ATTRIBUTES = (CodeSignOnCopy, RemoveHeadersOnCopy, ); }; };
		F1DAD1E02B692E5000424D7F /* FrameworkB.framework in Frameworks */ = {isa = PBXBuildFile; fileRef = F1DAD1752B692CF000424D7F /* FrameworkB.framework */; };
		F1DAD1E12B692E5000424D7F /* FrameworkB.framework in Embed Frameworks */ = {isa = PBXBuildFile; fileRef = F1DAD1752B692CF000424D7F /* FrameworkB.framework */; settings = {ATTRIBUTES = (CodeSignOnCopy, RemoveHeadersOnCopy, ); }; };
		F1DAD1EA2B692EEE00424D7F /* FrameworkC.framework in Frameworks */ = {isa = PBXBuildFile; fileRef = F1DAD1DC2B692E0500424D7F /* FrameworkC.framework */; };
		F1DAD1EB2B692EEF00424D7F /* FrameworkC.framework in Embed Frameworks */ = {isa = PBXBuildFile; fileRef = F1DAD1DC2B692E0500424D7F /* FrameworkC.framework */; settings = {ATTRIBUTES = (CodeSignOnCopy, RemoveHeadersOnCopy, ); }; };
		F1DAD2402B692FFC00424D7F /* FrameworkZ.framework in Frameworks */ = {isa = PBXBuildFile; fileRef = F1DAD2052B692F3900424D7F /* FrameworkZ.framework */; };
		F1DAD2412B692FFC00424D7F /* FrameworkZ.framework in Embed Frameworks */ = {isa = PBXBuildFile; fileRef = F1DAD2052B692F3900424D7F /* FrameworkZ.framework */; settings = {ATTRIBUTES = (CodeSignOnCopy, RemoveHeadersOnCopy, ); }; };
/* End PBXBuildFile section */

/* Begin PBXContainerItemProxy section */
		F1DAD15A2B692CCB00424D7F /* PBXContainerItemProxy */ = {
			isa = PBXContainerItemProxy;
			containerPortal = F1DAD1562B692CCB00424D7F /* FrameworkA.xcodeproj */;
			proxyType = 2;
			remoteGlobalIDString = F1DAD14C2B692CCB00424D7F;
			remoteInfo = FrameworkA;
		};
		F1DAD1742B692CF000424D7F /* PBXContainerItemProxy */ = {
			isa = PBXContainerItemProxy;
			containerPortal = F1DAD1702B692CEF00424D7F /* FrameworkB.xcodeproj */;
			proxyType = 2;
			remoteGlobalIDString = F1DAD1662B692CEF00424D7F;
			remoteInfo = FrameworkB;
		};
		F1DAD1B92B692D3400424D7F /* PBXContainerItemProxy */ = {
			isa = PBXContainerItemProxy;
			containerPortal = F1DAD1B52B692D3400424D7F /* StaticLibraryA.xcodeproj */;
			proxyType = 2;
			remoteGlobalIDString = F1DAD1AB2B692D3400424D7F;
			remoteInfo = StaticLibraryA;
		};
		F1DAD1DB2B692E0500424D7F /* PBXContainerItemProxy */ = {
			isa = PBXContainerItemProxy;
			containerPortal = F1DAD1D72B692E0400424D7F /* FrameworkC.xcodeproj */;
			proxyType = 2;
			remoteGlobalIDString = F1DAD1CD2B692E0400424D7F;
			remoteInfo = FrameworkC;
		};
		F1DAD2042B692F3900424D7F /* PBXContainerItemProxy */ = {
			isa = PBXContainerItemProxy;
			containerPortal = F1DAD2002B692F3800424D7F /* FrameworkZ.xcodeproj */;
			proxyType = 2;
			remoteGlobalIDString = F1DAD1F62B692F3800424D7F;
			remoteInfo = FrameworkZ;
		};
		F1DAD2322B692F7B00424D7F /* PBXContainerItemProxy */ = {
			isa = PBXContainerItemProxy;
			containerPortal = F1DAD22E2B692F7B00424D7F /* FrameworkZZ.xcodeproj */;
			proxyType = 2;
			remoteGlobalIDString = F1DAD2242B692F7B00424D7F;
			remoteInfo = FrameworkZZ;
		};
/* End PBXContainerItemProxy section */

/* Begin PBXCopyFilesBuildPhase section */
		F1DAD1E42B692E5000424D7F /* Embed Frameworks */ = {
			isa = PBXCopyFilesBuildPhase;
			buildActionMask = 2147483647;
			dstPath = "";
			dstSubfolderSpec = 10;
			files = (
				F1DAD2412B692FFC00424D7F /* FrameworkZ.framework in Embed Frameworks */,
				F1DAD1E12B692E5000424D7F /* FrameworkB.framework in Embed Frameworks */,
				F1DAD1DF2B692E5000424D7F /* FrameworkA.framework in Embed Frameworks */,
				F1DAD1EB2B692EEF00424D7F /* FrameworkC.framework in Embed Frameworks */,
			);
			name = "Embed Frameworks";
			runOnlyForDeploymentPostprocessing = 0;
		};
/* End PBXCopyFilesBuildPhase section */

/* Begin PBXFileReference section */
		F1DAD12B2B692C8B00424D7F /* ModuleLinkSampleApp.app */ = {isa = PBXFileReference; explicitFileType = wrapper.application; includeInIndex = 0; path = ModuleLinkSampleApp.app; sourceTree = BUILT_PRODUCTS_DIR; };
		F1DAD12E2B692C8B00424D7F /* AppDelegate.swift */ = {isa = PBXFileReference; lastKnownFileType = sourcecode.swift; path = AppDelegate.swift; sourceTree = "<group>"; };
		F1DAD1302B692C8B00424D7F /* SceneDelegate.swift */ = {isa = PBXFileReference; lastKnownFileType = sourcecode.swift; path = SceneDelegate.swift; sourceTree = "<group>"; };
		F1DAD1322B692C8B00424D7F /* ViewController.swift */ = {isa = PBXFileReference; lastKnownFileType = sourcecode.swift; path = ViewController.swift; sourceTree = "<group>"; };
		F1DAD1352B692C8B00424D7F /* Base */ = {isa = PBXFileReference; lastKnownFileType = file.storyboard; name = Base; path = Base.lproj/Main.storyboard; sourceTree = "<group>"; };
		F1DAD1372B692C8D00424D7F /* Assets.xcassets */ = {isa = PBXFileReference; lastKnownFileType = folder.assetcatalog; path = Assets.xcassets; sourceTree = "<group>"; };
		F1DAD13A2B692C8D00424D7F /* Base */ = {isa = PBXFileReference; lastKnownFileType = file.storyboard; name = Base; path = Base.lproj/LaunchScreen.storyboard; sourceTree = "<group>"; };
		F1DAD13C2B692C8D00424D7F /* Info.plist */ = {isa = PBXFileReference; lastKnownFileType = text.plist.xml; path = Info.plist; sourceTree = "<group>"; };
		F1DAD1562B692CCB00424D7F /* FrameworkA.xcodeproj */ = {isa = PBXFileReference; lastKnownFileType = "wrapper.pb-project"; name = FrameworkA.xcodeproj; path = ModuleLinkSampleApp/FrameworkA/FrameworkA.xcodeproj; sourceTree = "<group>"; };
		F1DAD1702B692CEF00424D7F /* FrameworkB.xcodeproj */ = {isa = PBXFileReference; lastKnownFileType = "wrapper.pb-project"; name = FrameworkB.xcodeproj; path = ModuleLinkSampleApp/FrameworkB/FrameworkB.xcodeproj; sourceTree = "<group>"; };
		F1DAD1B52B692D3400424D7F /* StaticLibraryA.xcodeproj */ = {isa = PBXFileReference; lastKnownFileType = "wrapper.pb-project"; name = StaticLibraryA.xcodeproj; path = ModuleLinkSampleApp/StaticLibraryA/StaticLibraryA.xcodeproj; sourceTree = "<group>"; };
		F1DAD1D72B692E0400424D7F /* FrameworkC.xcodeproj */ = {isa = PBXFileReference; lastKnownFileType = "wrapper.pb-project"; name = FrameworkC.xcodeproj; path = ModuleLinkSampleApp/FrameworkC/FrameworkC.xcodeproj; sourceTree = "<group>"; };
		F1DAD2002B692F3800424D7F /* FrameworkZ.xcodeproj */ = {isa = PBXFileReference; lastKnownFileType = "wrapper.pb-project"; name = FrameworkZ.xcodeproj; path = ModuleLinkSampleApp/FrameworkZ/FrameworkZ.xcodeproj; sourceTree = "<group>"; };
		F1DAD22E2B692F7B00424D7F /* FrameworkZZ.xcodeproj */ = {isa = PBXFileReference; lastKnownFileType = "wrapper.pb-project"; name = FrameworkZZ.xcodeproj; path = ModuleLinkSampleApp/FrameworkZZ/FrameworkZZ.xcodeproj; sourceTree = "<group>"; };
/* End PBXFileReference section */

/* Begin PBXFrameworksBuildPhase section */
		F1DAD1282B692C8B00424D7F /* Frameworks */ = {
			isa = PBXFrameworksBuildPhase;
			buildActionMask = 2147483647;
			files = (
				F1DAD2402B692FFC00424D7F /* FrameworkZ.framework in Frameworks */,
				F1DAD1E02B692E5000424D7F /* FrameworkB.framework in Frameworks */,
				F1DAD1DE2B692E5000424D7F /* FrameworkA.framework in Frameworks */,
				F1DAD1EA2B692EEE00424D7F /* FrameworkC.framework in Frameworks */,
			);
			runOnlyForDeploymentPostprocessing = 0;
		};
/* End PBXFrameworksBuildPhase section */

/* Begin PBXGroup section */
		F1DAD1222B692C8B00424D7F = {
			isa = PBXGroup;
			children = (
				F1DAD22E2B692F7B00424D7F /* FrameworkZZ.xcodeproj */,
				F1DAD2002B692F3800424D7F /* FrameworkZ.xcodeproj */,
				F1DAD1D72B692E0400424D7F /* FrameworkC.xcodeproj */,
				F1DAD1B52B692D3400424D7F /* StaticLibraryA.xcodeproj */,
				F1DAD1702B692CEF00424D7F /* FrameworkB.xcodeproj */,
				F1DAD1562B692CCB00424D7F /* FrameworkA.xcodeproj */,
				F1DAD12D2B692C8B00424D7F /* ModuleLinkSampleApp */,
				F1DAD12C2B692C8B00424D7F /* Products */,
				F1DAD1BF2B692DA300424D7F /* Frameworks */,
			);
			sourceTree = "<group>";
		};
		F1DAD12C2B692C8B00424D7F /* Products */ = {
			isa = PBXGroup;
			children = (
				F1DAD12B2B692C8B00424D7F /* ModuleLinkSampleApp.app */,
			);
			name = Products;
			sourceTree = "<group>";
		};
		F1DAD12D2B692C8B00424D7F /* ModuleLinkSampleApp */ = {
			isa = PBXGroup;
			children = (
				F1DAD12E2B692C8B00424D7F /* AppDelegate.swift */,
				F1DAD1302B692C8B00424D7F /* SceneDelegate.swift */,
				F1DAD1322B692C8B00424D7F /* ViewController.swift */,
				F1DAD1342B692C8B00424D7F /* Main.storyboard */,
				F1DAD1372B692C8D00424D7F /* Assets.xcassets */,
				F1DAD1392B692C8D00424D7F /* LaunchScreen.storyboard */,
				F1DAD13C2B692C8D00424D7F /* Info.plist */,
			);
			path = ModuleLinkSampleApp;
			sourceTree = "<group>";
		};
		F1DAD1572B692CCB00424D7F /* Products */ = {
			isa = PBXGroup;
			children = (
				F1DAD15B2B692CCB00424D7F /* FrameworkA.framework */,
			);
			name = Products;
			sourceTree = "<group>";
		};
		F1DAD1712B692CEF00424D7F /* Products */ = {
			isa = PBXGroup;
			children = (
				F1DAD1752B692CF000424D7F /* FrameworkB.framework */,
			);
			name = Products;
			sourceTree = "<group>";
		};
		F1DAD1B62B692D3400424D7F /* Products */ = {
			isa = PBXGroup;
			children = (
				F1DAD1BA2B692D3400424D7F /* libStaticLibraryA.a */,
			);
			name = Products;
			sourceTree = "<group>";
		};
		F1DAD1BF2B692DA300424D7F /* Frameworks */ = {
			isa = PBXGroup;
			children = (
			);
			name = Frameworks;
			sourceTree = "<group>";
		};
		F1DAD1D82B692E0400424D7F /* Products */ = {
			isa = PBXGroup;
			children = (
				F1DAD1DC2B692E0500424D7F /* FrameworkC.framework */,
			);
			name = Products;
			sourceTree = "<group>";
		};
		F1DAD2012B692F3800424D7F /* Products */ = {
			isa = PBXGroup;
			children = (
				F1DAD2052B692F3900424D7F /* FrameworkZ.framework */,
			);
			name = Products;
			sourceTree = "<group>";
		};
		F1DAD22F2B692F7B00424D7F /* Products */ = {
			isa = PBXGroup;
			children = (
				F1DAD2332B692F7B00424D7F /* FrameworkZZ.framework */,
			);
			name = Products;
			sourceTree = "<group>";
		};
/* End PBXGroup section */

/* Begin PBXNativeTarget section */
		F1DAD12A2B692C8B00424D7F /* ModuleLinkSampleApp */ = {
			isa = PBXNativeTarget;
			buildConfigurationList = F1DAD13F2B692C8D00424D7F /* Build configuration list for PBXNativeTarget "ModuleLinkSampleApp" */;
			buildPhases = (
				F1DAD1272B692C8B00424D7F /* Sources */,
				F1DAD1282B692C8B00424D7F /* Frameworks */,
				F1DAD1292B692C8B00424D7F /* Resources */,
				F1DAD1E42B692E5000424D7F /* Embed Frameworks */,
			);
			buildRules = (
			);
			dependencies = (
			);
			name = ModuleLinkSampleApp;
			productName = ModuleLinkSampleApp;
			productReference = F1DAD12B2B692C8B00424D7F /* ModuleLinkSampleApp.app */;
			productType = "com.apple.product-type.application";
		};
/* End PBXNativeTarget section */

/* Begin PBXProject section */
		F1DAD1232B692C8B00424D7F /* Project object */ = {
			isa = PBXProject;
			attributes = {
				BuildIndependentTargetsInParallel = 1;
				LastSwiftUpdateCheck = 1500;
				LastUpgradeCheck = 1500;
				TargetAttributes = {
					F1DAD12A2B692C8B00424D7F = {
						CreatedOnToolsVersion = 15.0.1;
					};
				};
			};
			buildConfigurationList = F1DAD1262B692C8B00424D7F /* Build configuration list for PBXProject "ModuleLinkSampleApp" */;
			compatibilityVersion = "Xcode 14.0";
			developmentRegion = en;
			hasScannedForEncodings = 0;
			knownRegions = (
				en,
				Base,
			);
			mainGroup = F1DAD1222B692C8B00424D7F;
			productRefGroup = F1DAD12C2B692C8B00424D7F /* Products */;
			projectDirPath = "";
			projectReferences = (
				{
					ProductGroup = F1DAD1572B692CCB00424D7F /* Products */;
					ProjectRef = F1DAD1562B692CCB00424D7F /* FrameworkA.xcodeproj */;
				},
				{
					ProductGroup = F1DAD1712B692CEF00424D7F /* Products */;
					ProjectRef = F1DAD1702B692CEF00424D7F /* FrameworkB.xcodeproj */;
				},
				{
					ProductGroup = F1DAD1D82B692E0400424D7F /* Products */;
					ProjectRef = F1DAD1D72B692E0400424D7F /* FrameworkC.xcodeproj */;
				},
				{
					ProductGroup = F1DAD2012B692F3800424D7F /* Products */;
					ProjectRef = F1DAD2002B692F3800424D7F /* FrameworkZ.xcodeproj */;
				},
				{
					ProductGroup = F1DAD22F2B692F7B00424D7F /* Products */;
					ProjectRef = F1DAD22E2B692F7B00424D7F /* FrameworkZZ.xcodeproj */;
				},
				{
					ProductGroup = F1DAD1B62B692D3400424D7F /* Products */;
					ProjectRef = F1DAD1B52B692D3400424D7F /* StaticLibraryA.xcodeproj */;
				},
			);
			projectRoot = "";
			targets = (
				F1DAD12A2B692C8B00424D7F /* ModuleLinkSampleApp */,
			);
		};
/* End PBXProject section */

/* Begin PBXReferenceProxy section */
		F1DAD15B2B692CCB00424D7F /* FrameworkA.framework */ = {
			isa = PBXReferenceProxy;
			fileType = wrapper.framework;
			path = FrameworkA.framework;
			remoteRef = F1DAD15A2B692CCB00424D7F /* PBXContainerItemProxy */;
			sourceTree = BUILT_PRODUCTS_DIR;
		};
		F1DAD1752B692CF000424D7F /* FrameworkB.framework */ = {
			isa = PBXReferenceProxy;
			fileType = wrapper.framework;
			path = FrameworkB.framework;
			remoteRef = F1DAD1742B692CF000424D7F /* PBXContainerItemProxy */;
			sourceTree = BUILT_PRODUCTS_DIR;
		};
		F1DAD1BA2B692D3400424D7F /* libStaticLibraryA.a */ = {
			isa = PBXReferenceProxy;
			fileType = archive.ar;
			path = libStaticLibraryA.a;
			remoteRef = F1DAD1B92B692D3400424D7F /* PBXContainerItemProxy */;
			sourceTree = BUILT_PRODUCTS_DIR;
		};
		F1DAD1DC2B692E0500424D7F /* FrameworkC.framework */ = {
			isa = PBXReferenceProxy;
			fileType = wrapper.framework;
			path = FrameworkC.framework;
			remoteRef = F1DAD1DB2B692E0500424D7F /* PBXContainerItemProxy */;
			sourceTree = BUILT_PRODUCTS_DIR;
		};
		F1DAD2052B692F3900424D7F /* FrameworkZ.framework */ = {
			isa = PBXReferenceProxy;
			fileType = wrapper.framework;
			path = FrameworkZ.framework;
			remoteRef = F1DAD2042B692F3900424D7F /* PBXContainerItemProxy */;
			sourceTree = BUILT_PRODUCTS_DIR;
		};
		F1DAD2332B692F7B00424D7F /* FrameworkZZ.framework */ = {
			isa = PBXReferenceProxy;
			fileType = wrapper.framework;
			path = FrameworkZZ.framework;
			remoteRef = F1DAD2322B692F7B00424D7F /* PBXContainerItemProxy */;
			sourceTree = BUILT_PRODUCTS_DIR;
		};
/* End PBXReferenceProxy section */

/* Begin PBXResourcesBuildPhase section */
		F1DAD1292B692C8B00424D7F /* Resources */ = {
			isa = PBXResourcesBuildPhase;
			buildActionMask = 2147483647;
			files = (
				F1DAD13B2B692C8D00424D7F /* LaunchScreen.storyboard in Resources */,
				F1DAD1382B692C8D00424D7F /* Assets.xcassets in Resources */,
				F1DAD1362B692C8B00424D7F /* Main.storyboard in Resources */,
			);
			runOnlyForDeploymentPostprocessing = 0;
		};
/* End PBXResourcesBuildPhase section */

/* Begin PBXSourcesBuildPhase section */
		F1DAD1272B692C8B00424D7F /* Sources */ = {
			isa = PBXSourcesBuildPhase;
			buildActionMask = 2147483647;
			files = (
				F1DAD1332B692C8B00424D7F /* ViewController.swift in Sources */,
				F1DAD12F2B692C8B00424D7F /* AppDelegate.swift in Sources */,
				F1DAD1312B692C8B00424D7F /* SceneDelegate.swift in Sources */,
			);
			runOnlyForDeploymentPostprocessing = 0;
		};
/* End PBXSourcesBuildPhase section */

/* Begin PBXVariantGroup section */
		F1DAD1342B692C8B00424D7F /* Main.storyboard */ = {
			isa = PBXVariantGroup;
			children = (
				F1DAD1352B692C8B00424D7F /* Base */,
			);
			name = Main.storyboard;
			sourceTree = "<group>";
		};
		F1DAD1392B692C8D00424D7F /* LaunchScreen.storyboard */ = {
			isa = PBXVariantGroup;
			children = (
				F1DAD13A2B692C8D00424D7F /* Base */,
			);
			name = LaunchScreen.storyboard;
			sourceTree = "<group>";
		};
/* End PBXVariantGroup section */

/* Begin XCBuildConfiguration section */
		F1DAD13D2B692C8D00424D7F /* Debug */ = {
			isa = XCBuildConfiguration;
			buildSettings = {
				ALWAYS_SEARCH_USER_PATHS = NO;
				ASSETCATALOG_COMPILER_GENERATE_SWIFT_ASSET_SYMBOL_EXTENSIONS = YES;
				CLANG_ANALYZER_NONNULL = YES;
				CLANG_ANALYZER_NUMBER_OBJECT_CONVERSION = YES_AGGRESSIVE;
				CLANG_CXX_LANGUAGE_STANDARD = "gnu++20";
				CLANG_ENABLE_MODULES = YES;
				CLANG_ENABLE_OBJC_ARC = YES;
				CLANG_ENABLE_OBJC_WEAK = YES;
				CLANG_WARN_BLOCK_CAPTURE_AUTORELEASING = YES;
				CLANG_WARN_BOOL_CONVERSION = YES;
				CLANG_WARN_COMMA = YES;
				CLANG_WARN_CONSTANT_CONVERSION = YES;
				CLANG_WARN_DEPRECATED_OBJC_IMPLEMENTATIONS = YES;
				CLANG_WARN_DIRECT_OBJC_ISA_USAGE = YES_ERROR;
				CLANG_WARN_DOCUMENTATION_COMMENTS = YES;
				CLANG_WARN_EMPTY_BODY = YES;
				CLANG_WARN_ENUM_CONVERSION = YES;
				CLANG_WARN_INFINITE_RECURSION = YES;
				CLANG_WARN_INT_CONVERSION = YES;
				CLANG_WARN_NON_LITERAL_NULL_CONVERSION = YES;
				CLANG_WARN_OBJC_IMPLICIT_RETAIN_SELF = YES;
				CLANG_WARN_OBJC_LITERAL_CONVERSION = YES;
				CLANG_WARN_OBJC_ROOT_CLASS = YES_ERROR;
				CLANG_WARN_QUOTED_INCLUDE_IN_FRAMEWORK_HEADER = YES;
				CLANG_WARN_RANGE_LOOP_ANALYSIS = YES;
				CLANG_WARN_STRICT_PROTOTYPES = YES;
				CLANG_WARN_SUSPICIOUS_MOVE = YES;
				CLANG_WARN_UNGUARDED_AVAILABILITY = YES_AGGRESSIVE;
				CLANG_WARN_UNREACHABLE_CODE = YES;
				CLANG_WARN__DUPLICATE_METHOD_MATCH = YES;
				COPY_PHASE_STRIP = NO;
				DEBUG_INFORMATION_FORMAT = dwarf;
				ENABLE_STRICT_OBJC_MSGSEND = YES;
				ENABLE_TESTABILITY = YES;
				ENABLE_USER_SCRIPT_SANDBOXING = YES;
				GCC_C_LANGUAGE_STANDARD = gnu17;
				GCC_DYNAMIC_NO_PIC = NO;
				GCC_NO_COMMON_BLOCKS = YES;
				GCC_OPTIMIZATION_LEVEL = 0;
				GCC_PREPROCESSOR_DEFINITIONS = (
					"DEBUG=1",
					"$(inherited)",
				);
				GCC_WARN_64_TO_32_BIT_CONVERSION = YES;
				GCC_WARN_ABOUT_RETURN_TYPE = YES_ERROR;
				GCC_WARN_UNDECLARED_SELECTOR = YES;
				GCC_WARN_UNINITIALIZED_AUTOS = YES_AGGRESSIVE;
				GCC_WARN_UNUSED_FUNCTION = YES;
				GCC_WARN_UNUSED_VARIABLE = YES;
				IPHONEOS_DEPLOYMENT_TARGET = 17.0;
				LOCALIZATION_PREFERS_STRING_CATALOGS = YES;
				MTL_ENABLE_DEBUG_INFO = INCLUDE_SOURCE;
				MTL_FAST_MATH = YES;
				ONLY_ACTIVE_ARCH = YES;
				SDKROOT = iphoneos;
				SWIFT_ACTIVE_COMPILATION_CONDITIONS = "DEBUG $(inherited)";
				SWIFT_OPTIMIZATION_LEVEL = "-Onone";
			};
			name = Debug;
		};
		F1DAD13E2B692C8D00424D7F /* Release */ = {
			isa = XCBuildConfiguration;
			buildSettings = {
				ALWAYS_SEARCH_USER_PATHS = NO;
				ASSETCATALOG_COMPILER_GENERATE_SWIFT_ASSET_SYMBOL_EXTENSIONS = YES;
				CLANG_ANALYZER_NONNULL = YES;
				CLANG_ANALYZER_NUMBER_OBJECT_CONVERSION = YES_AGGRESSIVE;
				CLANG_CXX_LANGUAGE_STANDARD = "gnu++20";
				CLANG_ENABLE_MODULES = YES;
				CLANG_ENABLE_OBJC_ARC = YES;
				CLANG_ENABLE_OBJC_WEAK = YES;
				CLANG_WARN_BLOCK_CAPTURE_AUTORELEASING = YES;
				CLANG_WARN_BOOL_CONVERSION = YES;
				CLANG_WARN_COMMA = YES;
				CLANG_WARN_CONSTANT_CONVERSION = YES;
				CLANG_WARN_DEPRECATED_OBJC_IMPLEMENTATIONS = YES;
				CLANG_WARN_DIRECT_OBJC_ISA_USAGE = YES_ERROR;
				CLANG_WARN_DOCUMENTATION_COMMENTS = YES;
				CLANG_WARN_EMPTY_BODY = YES;
				CLANG_WARN_ENUM_CONVERSION = YES;
				CLANG_WARN_INFINITE_RECURSION = YES;
				CLANG_WARN_INT_CONVERSION = YES;
				CLANG_WARN_NON_LITERAL_NULL_CONVERSION = YES;
				CLANG_WARN_OBJC_IMPLICIT_RETAIN_SELF = YES;
				CLANG_WARN_OBJC_LITERAL_CONVERSION = YES;
				CLANG_WARN_OBJC_ROOT_CLASS = YES_ERROR;
				CLANG_WARN_QUOTED_INCLUDE_IN_FRAMEWORK_HEADER = YES;
				CLANG_WARN_RANGE_LOOP_ANALYSIS = YES;
				CLANG_WARN_STRICT_PROTOTYPES = YES;
				CLANG_WARN_SUSPICIOUS_MOVE = YES;
				CLANG_WARN_UNGUARDED_AVAILABILITY = YES_AGGRESSIVE;
				CLANG_WARN_UNREACHABLE_CODE = YES;
				CLANG_WARN__DUPLICATE_METHOD_MATCH = YES;
				COPY_PHASE_STRIP = NO;
				DEBUG_INFORMATION_FORMAT = "dwarf-with-dsym";
				ENABLE_NS_ASSERTIONS = NO;
				ENABLE_STRICT_OBJC_MSGSEND = YES;
				ENABLE_USER_SCRIPT_SANDBOXING = YES;
				GCC_C_LANGUAGE_STANDARD = gnu17;
				GCC_NO_COMMON_BLOCKS = YES;
				GCC_WARN_64_TO_32_BIT_CONVERSION = YES;
				GCC_WARN_ABOUT_RETURN_TYPE = YES_ERROR;
				GCC_WARN_UNDECLARED_SELECTOR = YES;
				GCC_WARN_UNINITIALIZED_AUTOS = YES_AGGRESSIVE;
				GCC_WARN_UNUSED_FUNCTION = YES;
				GCC_WARN_UNUSED_VARIABLE = YES;
				IPHONEOS_DEPLOYMENT_TARGET = 17.0;
				LOCALIZATION_PREFERS_STRING_CATALOGS = YES;
				MTL_ENABLE_DEBUG_INFO = NO;
				MTL_FAST_MATH = YES;
				SDKROOT = iphoneos;
				SWIFT_COMPILATION_MODE = wholemodule;
				VALIDATE_PRODUCT = YES;
			};
			name = Release;
		};
		F1DAD1402B692C8D00424D7F /* Debug */ = {
			isa = XCBuildConfiguration;
			buildSettings = {
				ASSETCATALOG_COMPILER_APPICON_NAME = AppIcon;
				ASSETCATALOG_COMPILER_GLOBAL_ACCENT_COLOR_NAME = AccentColor;
				CODE_SIGN_STYLE = Automatic;
				CURRENT_PROJECT_VERSION = 1;
				DEVELOPMENT_TEAM = 62ZLDXLZ77;
				GENERATE_INFOPLIST_FILE = YES;
				INFOPLIST_FILE = ModuleLinkSampleApp/Info.plist;
				INFOPLIST_KEY_UIApplicationSupportsIndirectInputEvents = YES;
				INFOPLIST_KEY_UILaunchStoryboardName = LaunchScreen;
				INFOPLIST_KEY_UIMainStoryboardFile = Main;
				INFOPLIST_KEY_UISupportedInterfaceOrientations_iPad = "UIInterfaceOrientationPortrait UIInterfaceOrientationPortraitUpsideDown UIInterfaceOrientationLandscapeLeft UIInterfaceOrientationLandscapeRight";
				INFOPLIST_KEY_UISupportedInterfaceOrientations_iPhone = "UIInterfaceOrientationPortrait UIInterfaceOrientationLandscapeLeft UIInterfaceOrientationLandscapeRight";
				LD_RUNPATH_SEARCH_PATHS = (
					"$(inherited)",
					"@executable_path/Frameworks",
				);
				MARKETING_VERSION = 1.0;
				PRODUCT_BUNDLE_IDENTIFIER = hogumachu.ModuleLinkSampleApp;
				PRODUCT_NAME = "$(TARGET_NAME)";
				SWIFT_EMIT_LOC_STRINGS = YES;
				SWIFT_VERSION = 5.0;
				TARGETED_DEVICE_FAMILY = "1,2";
			};
			name = Debug;
		};
		F1DAD1412B692C8D00424D7F /* Release */ = {
			isa = XCBuildConfiguration;
			buildSettings = {
				ASSETCATALOG_COMPILER_APPICON_NAME = AppIcon;
				ASSETCATALOG_COMPILER_GLOBAL_ACCENT_COLOR_NAME = AccentColor;
				CODE_SIGN_STYLE = Automatic;
				CURRENT_PROJECT_VERSION = 1;
				DEVELOPMENT_TEAM = 62ZLDXLZ77;
				GENERATE_INFOPLIST_FILE = YES;
				INFOPLIST_FILE = ModuleLinkSampleApp/Info.plist;
				INFOPLIST_KEY_UIApplicationSupportsIndirectInputEvents = YES;
				INFOPLIST_KEY_UILaunchStoryboardName = LaunchScreen;
				INFOPLIST_KEY_UIMainStoryboardFile = Main;
				INFOPLIST_KEY_UISupportedInterfaceOrientations_iPad = "UIInterfaceOrientationPortrait UIInterfaceOrientationPortraitUpsideDown UIInterfaceOrientationLandscapeLeft UIInterfaceOrientationLandscapeRight";
				INFOPLIST_KEY_UISupportedInterfaceOrientations_iPhone = "UIInterfaceOrientationPortrait UIInterfaceOrientationLandscapeLeft UIInterfaceOrientationLandscapeRight";
				LD_RUNPATH_SEARCH_PATHS = (
					"$(inherited)",
					"@executable_path/Frameworks",
				);
				MARKETING_VERSION = 1.0;
				PRODUCT_BUNDLE_IDENTIFIER = hogumachu.ModuleLinkSampleApp;
				PRODUCT_NAME = "$(TARGET_NAME)";
				SWIFT_EMIT_LOC_STRINGS = YES;
				SWIFT_VERSION = 5.0;
				TARGETED_DEVICE_FAMILY = "1,2";
			};
			name = Release;
		};
/* End XCBuildConfiguration section */

/* Begin XCConfigurationList section */
		F1DAD1262B692C8B00424D7F /* Build configuration list for PBXProject "ModuleLinkSampleApp" */ = {
			isa = XCConfigurationList;
			buildConfigurations = (
				F1DAD13D2B692C8D00424D7F /* Debug */,
				F1DAD13E2B692C8D00424D7F /* Release */,
			);
			defaultConfigurationIsVisible = 0;
			defaultConfigurationName = Release;
		};
		F1DAD13F2B692C8D00424D7F /* Build configuration list for PBXNativeTarget "ModuleLinkSampleApp" */ = {
			isa = XCConfigurationList;
			buildConfigurations = (
				F1DAD1402B692C8D00424D7F /* Debug */,
				F1DAD1412B692C8D00424D7F /* Release */,
			);
			defaultConfigurationIsVisible = 0;
			defaultConfigurationName = Release;
		};
/* End XCConfigurationList section */
	};
	rootObject = F1DAD1232B692C8B00424D7F /* Project object */;
}
